// !$*UTF8*$!
{
	archiveVersion = 1;
	classes = {
	};
	objectVersion = 46;
	objects = {

/* Begin PBXBuildFile section */
		FA37A24918DC6F7700B79FE8 /* Foundation.framework in Frameworks */ = {isa = PBXBuildFile; fileRef = FA37A24818DC6F7700B79FE8 /* Foundation.framework */; };
		FA37A24B18DC6F7700B79FE8 /* CoreGraphics.framework in Frameworks */ = {isa = PBXBuildFile; fileRef = FA37A24A18DC6F7700B79FE8 /* CoreGraphics.framework */; };
		FA37A24D18DC6F7700B79FE8 /* UIKit.framework in Frameworks */ = {isa = PBXBuildFile; fileRef = FA37A24C18DC6F7700B79FE8 /* UIKit.framework */; };
		FA37A25318DC6F7700B79FE8 /* InfoPlist.strings in Resources */ = {isa = PBXBuildFile; fileRef = FA37A25118DC6F7700B79FE8 /* InfoPlist.strings */; };
		FA37A25518DC6F7700B79FE8 /* main.m in Sources */ = {isa = PBXBuildFile; fileRef = FA37A25418DC6F7700B79FE8 /* main.m */; };
		FA37A25918DC6F7700B79FE8 /* AppDelegate.m in Sources */ = {isa = PBXBuildFile; fileRef = FA37A25818DC6F7700B79FE8 /* AppDelegate.m */; };
		FA37A25B18DC6F7700B79FE8 /* Images.xcassets in Resources */ = {isa = PBXBuildFile; fileRef = FA37A25A18DC6F7700B79FE8 /* Images.xcassets */; };
		FA37A27818DC707700B79FE8 /* iPhone.storyboard in Resources */ = {isa = PBXBuildFile; fileRef = FA37A27718DC707700B79FE8 /* iPhone.storyboard */; };
		FA37A27C18DC718600B79FE8 /* DataModel.xcdatamodeld in Sources */ = {isa = PBXBuildFile; fileRef = FA37A27A18DC718600B79FE8 /* DataModel.xcdatamodeld */; };
		FA37A27F18DC723A00B79FE8 /* CoreData.framework in Frameworks */ = {isa = PBXBuildFile; fileRef = FA37A27E18DC723A00B79FE8 /* CoreData.framework */; };
		FA37A28218DC735400B79FE8 /* ChannelView.m in Sources */ = {isa = PBXBuildFile; fileRef = FA37A28118DC735400B79FE8 /* ChannelView.m */; };
		FA37A28618DC737800B79FE8 /* ChannelController.m in Sources */ = {isa = PBXBuildFile; fileRef = FA37A28518DC737800B79FE8 /* ChannelController.m */; };
		FA37A28A18DCD9F900B79FE8 /* Channel.m in Sources */ = {isa = PBXBuildFile; fileRef = FA37A28918DCD9F900B79FE8 /* Channel.m */; };
		FA37A29318DCDF3D00B79FE8 /* Localizable.strings in Resources */ = {isa = PBXBuildFile; fileRef = FA37A29518DCDF3D00B79FE8 /* Localizable.strings */; };
		FA437BF718EC81CC0012BCE5 /* AFHTTPRequestOperation.m in Sources */ = {isa = PBXBuildFile; fileRef = FA437B9718EC81CC0012BCE5 /* AFHTTPRequestOperation.m */; };
		FA437BF818EC81CC0012BCE5 /* AFHTTPRequestOperationManager.m in Sources */ = {isa = PBXBuildFile; fileRef = FA437B9918EC81CC0012BCE5 /* AFHTTPRequestOperationManager.m */; };
		FA437BF918EC81CC0012BCE5 /* AFHTTPSessionManager.m in Sources */ = {isa = PBXBuildFile; fileRef = FA437B9B18EC81CC0012BCE5 /* AFHTTPSessionManager.m */; };
		FA437BFA18EC81CC0012BCE5 /* AFNetworkReachabilityManager.m in Sources */ = {isa = PBXBuildFile; fileRef = FA437B9E18EC81CC0012BCE5 /* AFNetworkReachabilityManager.m */; };
		FA437BFB18EC81CC0012BCE5 /* AFSecurityPolicy.m in Sources */ = {isa = PBXBuildFile; fileRef = FA437BA018EC81CC0012BCE5 /* AFSecurityPolicy.m */; };
		FA437BFC18EC81CC0012BCE5 /* AFURLConnectionOperation.m in Sources */ = {isa = PBXBuildFile; fileRef = FA437BA218EC81CC0012BCE5 /* AFURLConnectionOperation.m */; };
		FA437BFD18EC81CC0012BCE5 /* AFURLRequestSerialization.m in Sources */ = {isa = PBXBuildFile; fileRef = FA437BA418EC81CC0012BCE5 /* AFURLRequestSerialization.m */; };
		FA437BFE18EC81CC0012BCE5 /* AFURLResponseSerialization.m in Sources */ = {isa = PBXBuildFile; fileRef = FA437BA618EC81CC0012BCE5 /* AFURLResponseSerialization.m */; };
		FA437BFF18EC81CC0012BCE5 /* AFURLSessionManager.m in Sources */ = {isa = PBXBuildFile; fileRef = FA437BA818EC81CC0012BCE5 /* AFURLSessionManager.m */; };
		FA437C0018EC81CC0012BCE5 /* libAdIdAccess.a in Frameworks */ = {isa = PBXBuildFile; fileRef = FA437BB718EC81CC0012BCE5 /* libAdIdAccess.a */; };
		FA437C0118EC81CC0012BCE5 /* libGoogleAnalyticsServices.a in Frameworks */ = {isa = PBXBuildFile; fileRef = FA437BB818EC81CC0012BCE5 /* libGoogleAnalyticsServices.a */; };
		FA437C0218EC81CC0012BCE5 /* MMDrawerBarButtonItem.m in Sources */ = {isa = PBXBuildFile; fileRef = FA437BBB18EC81CC0012BCE5 /* MMDrawerBarButtonItem.m */; };
		FA437C0318EC81CC0012BCE5 /* MMDrawerController.m in Sources */ = {isa = PBXBuildFile; fileRef = FA437BBE18EC81CC0012BCE5 /* MMDrawerController.m */; };
		FA437C0418EC81CC0012BCE5 /* MMDrawerVisualState.m in Sources */ = {isa = PBXBuildFile; fileRef = FA437BC018EC81CC0012BCE5 /* MMDrawerVisualState.m */; };
		FA437C0518EC81CC0012BCE5 /* UIViewController+MMDrawerController.m in Sources */ = {isa = PBXBuildFile; fileRef = FA437BC218EC81CC0012BCE5 /* UIViewController+MMDrawerController.m */; };
		FA437C0618EC81CC0012BCE5 /* Reachability.m in Sources */ = {isa = PBXBuildFile; fileRef = FA437BC518EC81CC0012BCE5 /* Reachability.m */; };
		FA437C0718EC81CC0012BCE5 /* RSSItem.m in Sources */ = {isa = PBXBuildFile; fileRef = FA437BC818EC81CC0012BCE5 /* RSSItem.m */; };
		FA437C0818EC81CC0012BCE5 /* RSSParser.m in Sources */ = {isa = PBXBuildFile; fileRef = FA437BCA18EC81CC0012BCE5 /* RSSParser.m */; };
		FA437C0918EC81CC0012BCE5 /* SVProgressHUD.bundle in Resources */ = {isa = PBXBuildFile; fileRef = FA437BCD18EC81CC0012BCE5 /* SVProgressHUD.bundle */; };
		FA437C0A18EC81CC0012BCE5 /* SVProgressHUD.m in Sources */ = {isa = PBXBuildFile; fileRef = FA437BCF18EC81CC0012BCE5 /* SVProgressHUD.m */; };
		FA437C0B18EC81CC0012BCE5 /* SVModalWebViewController.m in Sources */ = {isa = PBXBuildFile; fileRef = FA437BD218EC81CC0012BCE5 /* SVModalWebViewController.m */; };
		FA437C0C18EC81CC0012BCE5 /* SVWebViewController.bundle in Resources */ = {isa = PBXBuildFile; fileRef = FA437BD318EC81CC0012BCE5 /* SVWebViewController.bundle */; };
		FA437C0D18EC81CC0012BCE5 /* SVWebViewController.m in Sources */ = {isa = PBXBuildFile; fileRef = FA437BD518EC81CC0012BCE5 /* SVWebViewController.m */; };
		FA437C0E18EC81CC0012BCE5 /* SVWebViewControllerActivityChrome-iPad.png in Resources */ = {isa = PBXBuildFile; fileRef = FA437BD818EC81CC0012BCE5 /* SVWebViewControllerActivityChrome-iPad.png */; };
		FA437C0F18EC81CC0012BCE5 /* SVWebViewControllerActivityChrome-iPad@2x.png in Resources */ = {isa = PBXBuildFile; fileRef = FA437BD918EC81CC0012BCE5 /* SVWebViewControllerActivityChrome-iPad@2x.png */; };
		FA437C1018EC81CC0012BCE5 /* SVWebViewControllerActivityChrome.m in Sources */ = {isa = PBXBuildFile; fileRef = FA437BDB18EC81CC0012BCE5 /* SVWebViewControllerActivityChrome.m */; };
		FA437C1118EC81CC0012BCE5 /* SVWebViewControllerActivityChrome@2x.png in Resources */ = {isa = PBXBuildFile; fileRef = FA437BDC18EC81CC0012BCE5 /* SVWebViewControllerActivityChrome@2x.png */; };
		FA437C1218EC81CC0012BCE5 /* SVWebViewControllerActivitySafari-iPad.png in Resources */ = {isa = PBXBuildFile; fileRef = FA437BDE18EC81CC0012BCE5 /* SVWebViewControllerActivitySafari-iPad.png */; };
		FA437C1318EC81CC0012BCE5 /* SVWebViewControllerActivitySafari-iPad@2x.png in Resources */ = {isa = PBXBuildFile; fileRef = FA437BDF18EC81CC0012BCE5 /* SVWebViewControllerActivitySafari-iPad@2x.png */; };
		FA437C1418EC81CC0012BCE5 /* SVWebViewControllerActivitySafari.m in Sources */ = {isa = PBXBuildFile; fileRef = FA437BE118EC81CC0012BCE5 /* SVWebViewControllerActivitySafari.m */; };
		FA437C1518EC81CC0012BCE5 /* SVWebViewControllerActivitySafari@2x.png in Resources */ = {isa = PBXBuildFile; fileRef = FA437BE218EC81CC0012BCE5 /* SVWebViewControllerActivitySafari@2x.png */; };
		FA437C1618EC81CC0012BCE5 /* SVWebViewControllerActivity.m in Sources */ = {isa = PBXBuildFile; fileRef = FA437BE418EC81CC0012BCE5 /* SVWebViewControllerActivity.m */; };
		FA437C1718EC81CC0012BCE5 /* AFNetworkActivityIndicatorManager.m in Sources */ = {isa = PBXBuildFile; fileRef = FA437BE718EC81CC0012BCE5 /* AFNetworkActivityIndicatorManager.m */; };
		FA437C1818EC81CC0012BCE5 /* UIActivityIndicatorView+AFNetworking.m in Sources */ = {isa = PBXBuildFile; fileRef = FA437BE918EC81CC0012BCE5 /* UIActivityIndicatorView+AFNetworking.m */; };
		FA437C1918EC81CC0012BCE5 /* UIAlertView+AFNetworking.m in Sources */ = {isa = PBXBuildFile; fileRef = FA437BEB18EC81CC0012BCE5 /* UIAlertView+AFNetworking.m */; };
		FA437C1A18EC81CC0012BCE5 /* UIButton+AFNetworking.m in Sources */ = {isa = PBXBuildFile; fileRef = FA437BED18EC81CC0012BCE5 /* UIButton+AFNetworking.m */; };
		FA437C1B18EC81CC0012BCE5 /* UIImageView+AFNetworking.m in Sources */ = {isa = PBXBuildFile; fileRef = FA437BEF18EC81CC0012BCE5 /* UIImageView+AFNetworking.m */; };
		FA437C1C18EC81CC0012BCE5 /* UIProgressView+AFNetworking.m in Sources */ = {isa = PBXBuildFile; fileRef = FA437BF218EC81CC0012BCE5 /* UIProgressView+AFNetworking.m */; };
		FA437C1D18EC81CC0012BCE5 /* UIRefreshControl+AFNetworking.m in Sources */ = {isa = PBXBuildFile; fileRef = FA437BF418EC81CC0012BCE5 /* UIRefreshControl+AFNetworking.m */; };
		FA437C1E18EC81CC0012BCE5 /* UIWebView+AFNetworking.m in Sources */ = {isa = PBXBuildFile; fileRef = FA437BF618EC81CC0012BCE5 /* UIWebView+AFNetworking.m */; };
		FA437C2018EC82930012BCE5 /* README.md in Resources */ = {isa = PBXBuildFile; fileRef = FA437C1F18EC82930012BCE5 /* README.md */; };
		FA437C2318EC85720012BCE5 /* DrawerFactory.m in Sources */ = {isa = PBXBuildFile; fileRef = FA437C2218EC85720012BCE5 /* DrawerFactory.m */; };
		FA437C2718EC86230012BCE5 /* LeftView.m in Sources */ = {isa = PBXBuildFile; fileRef = FA437C2618EC86230012BCE5 /* LeftView.m */; };
		FA437C2A18EC86350012BCE5 /* LeftController.m in Sources */ = {isa = PBXBuildFile; fileRef = FA437C2918EC86350012BCE5 /* LeftController.m */; };
		FA437C2D18EC8A540012BCE5 /* DashboardView.m in Sources */ = {isa = PBXBuildFile; fileRef = FA437C2C18EC8A540012BCE5 /* DashboardView.m */; };
		FA437C3018EC8A6A0012BCE5 /* DashboardController.m in Sources */ = {isa = PBXBuildFile; fileRef = FA437C2F18EC8A6A0012BCE5 /* DashboardController.m */; };
		FA437C3318EC9AE70012BCE5 /* SettingView.m in Sources */ = {isa = PBXBuildFile; fileRef = FA437C3218EC9AE70012BCE5 /* SettingView.m */; };
		FA437C3618EC9AFA0012BCE5 /* SettingController.m in Sources */ = {isa = PBXBuildFile; fileRef = FA437C3518EC9AFA0012BCE5 /* SettingController.m */; };
		FA437C3918EC9F140012BCE5 /* TextFieldCell.m in Sources */ = {isa = PBXBuildFile; fileRef = FA437C3818EC9F140012BCE5 /* TextFieldCell.m */; };
		FA437C4318ECA77A0012BCE5 /* EditChannelView.m in Sources */ = {isa = PBXBuildFile; fileRef = FA437C4218ECA77A0012BCE5 /* EditChannelView.m */; };
		FA437C4618ECA7950012BCE5 /* EditChannelController.m in Sources */ = {isa = PBXBuildFile; fileRef = FA437C4518ECA7950012BCE5 /* EditChannelController.m */; };
		FA437C4918ECACDB0012BCE5 /* RssFeedView.m in Sources */ = {isa = PBXBuildFile; fileRef = FA437C4818ECACDB0012BCE5 /* RssFeedView.m */; };
		FA437C4C18ECACEE0012BCE5 /* RssFeedController.m in Sources */ = {isa = PBXBuildFile; fileRef = FA437C4B18ECACEE0012BCE5 /* RssFeedController.m */; };
		FA437C5218ECB6760012BCE5 /* libTestFlight.a in Frameworks */ = {isa = PBXBuildFile; fileRef = FA437C4E18ECB6760012BCE5 /* libTestFlight.a */; };
		FA437C5418ECB6B80012BCE5 /* SystemConfiguration.framework in Frameworks */ = {isa = PBXBuildFile; fileRef = FA437C5318ECB6B80012BCE5 /* SystemConfiguration.framework */; };
		FA437C5618ECB6CF0012BCE5 /* libz.dylib in Frameworks */ = {isa = PBXBuildFile; fileRef = FA437C5518ECB6CF0012BCE5 /* libz.dylib */; };
		FA437C5818ECB6DB0012BCE5 /* AdSupport.framework in Frameworks */ = {isa = PBXBuildFile; fileRef = FA437C5718ECB6DB0012BCE5 /* AdSupport.framework */; };
		FA7B0FEB18F94FCC000D8D43 /* Appirater.m in Sources */ = {isa = PBXBuildFile; fileRef = FA7B0FE918F94FCC000D8D43 /* Appirater.m */; };
		FA836D8D18EF3C4F0005FF8E /* DetailItemController.m in Sources */ = {isa = PBXBuildFile; fileRef = FA836D8C18EF3C4F0005FF8E /* DetailItemController.m */; };
		FA836D9018EF3C830005FF8E /* DetailItemView.m in Sources */ = {isa = PBXBuildFile; fileRef = FA836D8F18EF3C830005FF8E /* DetailItemView.m */; };
		FA8508FA18EDFA870083BB00 /* DataModel.m in Sources */ = {isa = PBXBuildFile; fileRef = FA8508F918EDFA870083BB00 /* DataModel.m */; };
		FA85090A18EE03200083BB00 /* icon_channel.png in Resources */ = {isa = PBXBuildFile; fileRef = FA8508FE18EE03200083BB00 /* icon_channel.png */; };
		FA85090B18EE03200083BB00 /* icon_channel@2x.png in Resources */ = {isa = PBXBuildFile; fileRef = FA8508FF18EE03200083BB00 /* icon_channel@2x.png */; };
		FA85090C18EE03200083BB00 /* icon_home.png in Resources */ = {isa = PBXBuildFile; fileRef = FA85090018EE03200083BB00 /* icon_home.png */; };
		FA85090D18EE03200083BB00 /* icon_home@2x.png in Resources */ = {isa = PBXBuildFile; fileRef = FA85090118EE03200083BB00 /* icon_home@2x.png */; };
		FA85090E18EE03200083BB00 /* icon_link.png in Resources */ = {isa = PBXBuildFile; fileRef = FA85090218EE03200083BB00 /* icon_link.png */; };
		FA85090F18EE03200083BB00 /* icon_link@2x.png in Resources */ = {isa = PBXBuildFile; fileRef = FA85090318EE03200083BB00 /* icon_link@2x.png */; };
		FA85091018EE03200083BB00 /* icon_rss.png in Resources */ = {isa = PBXBuildFile; fileRef = FA85090418EE03200083BB00 /* icon_rss.png */; };
		FA85091118EE03200083BB00 /* icon_rss@2x.png in Resources */ = {isa = PBXBuildFile; fileRef = FA85090518EE03200083BB00 /* icon_rss@2x.png */; };
		FA85091218EE03200083BB00 /* icon_settings.png in Resources */ = {isa = PBXBuildFile; fileRef = FA85090618EE03200083BB00 /* icon_settings.png */; };
		FA85091318EE03200083BB00 /* icon_settings@2x.png in Resources */ = {isa = PBXBuildFile; fileRef = FA85090718EE03200083BB00 /* icon_settings@2x.png */; };
		FA85091418EE03200083BB00 /* icon_title.png in Resources */ = {isa = PBXBuildFile; fileRef = FA85090818EE03200083BB00 /* icon_title.png */; };
		FA85091518EE03200083BB00 /* icon_title@2x.png in Resources */ = {isa = PBXBuildFile; fileRef = FA85090918EE03200083BB00 /* icon_title@2x.png */; };
		FA85091818EE03440083BB00 /* IconViewCell.m in Sources */ = {isa = PBXBuildFile; fileRef = FA85091718EE03440083BB00 /* IconViewCell.m */; };
		FA85091B18EE15230083BB00 /* LeftModel.m in Sources */ = {isa = PBXBuildFile; fileRef = FA85091A18EE15230083BB00 /* LeftModel.m */; };
		FA997DC318F0424700A2A67F /* TextViewCell.m in Sources */ = {isa = PBXBuildFile; fileRef = FA997DC218F0424700A2A67F /* TextViewCell.m */; };
		FA997DC618F055F000A2A67F /* NSDate+Date.m in Sources */ = {isa = PBXBuildFile; fileRef = FA997DC518F055F000A2A67F /* NSDate+Date.m */; };
		FA997DC918F06B0A00A2A67F /* Social.framework in Frameworks */ = {isa = PBXBuildFile; fileRef = FA997DC818F06B0A00A2A67F /* Social.framework */; };
		FA997DCB18F06B1100A2A67F /* MessageUI.framework in Frameworks */ = {isa = PBXBuildFile; fileRef = FA997DCA18F06B1100A2A67F /* MessageUI.framework */; };
		FA997DCD18F0A97300A2A67F /* Settings.bundle in Resources */ = {isa = PBXBuildFile; fileRef = FA997DCC18F0A97300A2A67F /* Settings.bundle */; };
		FA997DD118F0C4E800A2A67F /* Article.m in Sources */ = {isa = PBXBuildFile; fileRef = FA997DD018F0C4E800A2A67F /* Article.m */; };
		FAA4E31D18F15D8A007245E3 /* description.png in Resources */ = {isa = PBXBuildFile; fileRef = FAA4E31B18F15D8A007245E3 /* description.png */; };
		FAA4E31E18F15D8A007245E3 /* description@2x.png in Resources */ = {isa = PBXBuildFile; fileRef = FAA4E31C18F15D8A007245E3 /* description@2x.png */; };
		FAA4E32018F1919D007245E3 /* QuartzCore.framework in Frameworks */ = {isa = PBXBuildFile; fileRef = FAA4E31F18F1919D007245E3 /* QuartzCore.framework */; };
		FAA4E32918F192B2007245E3 /* FPPopoverController.m in Sources */ = {isa = PBXBuildFile; fileRef = FAA4E32418F192B2007245E3 /* FPPopoverController.m */; };
		FAA4E32A18F192B2007245E3 /* FPPopoverView.m in Sources */ = {isa = PBXBuildFile; fileRef = FAA4E32618F192B2007245E3 /* FPPopoverView.m */; };
		FAA4E32B18F192B2007245E3 /* FPTouchView.m in Sources */ = {isa = PBXBuildFile; fileRef = FAA4E32818F192B2007245E3 /* FPTouchView.m */; };
		FAA4E33818F19C5B007245E3 /* icon_font_size.png in Resources */ = {isa = PBXBuildFile; fileRef = FAA4E33618F19C5B007245E3 /* icon_font_size.png */; };
		FAA4E33918F19C5B007245E3 /* icon_font_size@2x.png in Resources */ = {isa = PBXBuildFile; fileRef = FAA4E33718F19C5B007245E3 /* icon_font_size@2x.png */; };
		FAA4E33C18F1A1DC007245E3 /* FontSizeView.m in Sources */ = {isa = PBXBuildFile; fileRef = FAA4E33B18F1A1DC007245E3 /* FontSizeView.m */; };
		FAA4E33F18F1A1F8007245E3 /* FontSizeController.m in Sources */ = {isa = PBXBuildFile; fileRef = FAA4E33E18F1A1F8007245E3 /* FontSizeController.m */; };
/* End PBXBuildFile section */

/* Begin PBXFileReference section */
		FA37A24518DC6F7700B79FE8 /* iRSSClient.app */ = {isa = PBXFileReference; explicitFileType = wrapper.application; includeInIndex = 0; path = iRSSClient.app; sourceTree = BUILT_PRODUCTS_DIR; };
		FA37A24818DC6F7700B79FE8 /* Foundation.framework */ = {isa = PBXFileReference; lastKnownFileType = wrapper.framework; name = Foundation.framework; path = System/Library/Frameworks/Foundation.framework; sourceTree = SDKROOT; };
		FA37A24A18DC6F7700B79FE8 /* CoreGraphics.framework */ = {isa = PBXFileReference; lastKnownFileType = wrapper.framework; name = CoreGraphics.framework; path = System/Library/Frameworks/CoreGraphics.framework; sourceTree = SDKROOT; };
		FA37A24C18DC6F7700B79FE8 /* UIKit.framework */ = {isa = PBXFileReference; lastKnownFileType = wrapper.framework; name = UIKit.framework; path = System/Library/Frameworks/UIKit.framework; sourceTree = SDKROOT; };
		FA37A25018DC6F7700B79FE8 /* iRSSClient-Info.plist */ = {isa = PBXFileReference; lastKnownFileType = text.plist.xml; path = "iRSSClient-Info.plist"; sourceTree = "<group>"; };
		FA37A25218DC6F7700B79FE8 /* en */ = {isa = PBXFileReference; lastKnownFileType = text.plist.strings; name = en; path = en.lproj/InfoPlist.strings; sourceTree = "<group>"; };
		FA37A25418DC6F7700B79FE8 /* main.m */ = {isa = PBXFileReference; lastKnownFileType = sourcecode.c.objc; path = main.m; sourceTree = "<group>"; };
		FA37A25618DC6F7700B79FE8 /* iRSSClient-Prefix.pch */ = {isa = PBXFileReference; lastKnownFileType = sourcecode.c.h; path = "iRSSClient-Prefix.pch"; sourceTree = "<group>"; };
		FA37A25718DC6F7700B79FE8 /* AppDelegate.h */ = {isa = PBXFileReference; lastKnownFileType = sourcecode.c.h; path = AppDelegate.h; sourceTree = "<group>"; };
		FA37A25818DC6F7700B79FE8 /* AppDelegate.m */ = {isa = PBXFileReference; lastKnownFileType = sourcecode.c.objc; path = AppDelegate.m; sourceTree = "<group>"; };
		FA37A25A18DC6F7700B79FE8 /* Images.xcassets */ = {isa = PBXFileReference; lastKnownFileType = folder.assetcatalog; path = Images.xcassets; sourceTree = "<group>"; };
		FA37A27718DC707700B79FE8 /* iPhone.storyboard */ = {isa = PBXFileReference; fileEncoding = 4; lastKnownFileType = file.storyboard; name = iPhone.storyboard; path = Storyboard/iPhone.storyboard; sourceTree = "<group>"; };
		FA37A27B18DC718600B79FE8 /* DataModel.xcdatamodel */ = {isa = PBXFileReference; lastKnownFileType = wrapper.xcdatamodel; path = DataModel.xcdatamodel; sourceTree = "<group>"; };
		FA37A27E18DC723A00B79FE8 /* CoreData.framework */ = {isa = PBXFileReference; lastKnownFileType = wrapper.framework; name = CoreData.framework; path = System/Library/Frameworks/CoreData.framework; sourceTree = SDKROOT; };
		FA37A28018DC735400B79FE8 /* ChannelView.h */ = {isa = PBXFileReference; fileEncoding = 4; lastKnownFileType = sourcecode.c.h; name = ChannelView.h; path = View/ChannelView.h; sourceTree = "<group>"; };
		FA37A28118DC735400B79FE8 /* ChannelView.m */ = {isa = PBXFileReference; fileEncoding = 4; lastKnownFileType = sourcecode.c.objc; name = ChannelView.m; path = View/ChannelView.m; sourceTree = "<group>"; };
		FA37A28418DC737800B79FE8 /* ChannelController.h */ = {isa = PBXFileReference; fileEncoding = 4; lastKnownFileType = sourcecode.c.h; name = ChannelController.h; path = Controller/ChannelController.h; sourceTree = "<group>"; };
		FA37A28518DC737800B79FE8 /* ChannelController.m */ = {isa = PBXFileReference; fileEncoding = 4; lastKnownFileType = sourcecode.c.objc; name = ChannelController.m; path = Controller/ChannelController.m; sourceTree = "<group>"; };
		FA37A28818DCD9F900B79FE8 /* Channel.h */ = {isa = PBXFileReference; fileEncoding = 4; lastKnownFileType = sourcecode.c.h; name = Channel.h; path = MappingModel/Channel.h; sourceTree = "<group>"; };
		FA37A28918DCD9F900B79FE8 /* Channel.m */ = {isa = PBXFileReference; fileEncoding = 4; lastKnownFileType = sourcecode.c.objc; name = Channel.m; path = MappingModel/Channel.m; sourceTree = "<group>"; };
		FA37A29118DCDF3200B79FE8 /* ru */ = {isa = PBXFileReference; lastKnownFileType = text.plist.strings; name = ru; path = ru.lproj/InfoPlist.strings; sourceTree = "<group>"; };
		FA37A29218DCDF3700B79FE8 /* uk */ = {isa = PBXFileReference; lastKnownFileType = text.plist.strings; name = uk; path = uk.lproj/InfoPlist.strings; sourceTree = "<group>"; };
		FA37A29418DCDF3D00B79FE8 /* en */ = {isa = PBXFileReference; lastKnownFileType = text.plist.strings; name = en; path = en.lproj/Localizable.strings; sourceTree = "<group>"; };
		FA37A29618DCDF4200B79FE8 /* uk */ = {isa = PBXFileReference; lastKnownFileType = text.plist.strings; name = uk; path = uk.lproj/Localizable.strings; sourceTree = "<group>"; };
		FA37A29718DCDF4300B79FE8 /* ru */ = {isa = PBXFileReference; lastKnownFileType = text.plist.strings; name = ru; path = ru.lproj/Localizable.strings; sourceTree = "<group>"; };
		FA437B9618EC81CC0012BCE5 /* AFHTTPRequestOperation.h */ = {isa = PBXFileReference; fileEncoding = 4; lastKnownFileType = sourcecode.c.h; path = AFHTTPRequestOperation.h; sourceTree = "<group>"; };
		FA437B9718EC81CC0012BCE5 /* AFHTTPRequestOperation.m */ = {isa = PBXFileReference; fileEncoding = 4; lastKnownFileType = sourcecode.c.objc; path = AFHTTPRequestOperation.m; sourceTree = "<group>"; };
		FA437B9818EC81CC0012BCE5 /* AFHTTPRequestOperationManager.h */ = {isa = PBXFileReference; fileEncoding = 4; lastKnownFileType = sourcecode.c.h; path = AFHTTPRequestOperationManager.h; sourceTree = "<group>"; };
		FA437B9918EC81CC0012BCE5 /* AFHTTPRequestOperationManager.m */ = {isa = PBXFileReference; fileEncoding = 4; lastKnownFileType = sourcecode.c.objc; path = AFHTTPRequestOperationManager.m; sourceTree = "<group>"; };
		FA437B9A18EC81CC0012BCE5 /* AFHTTPSessionManager.h */ = {isa = PBXFileReference; fileEncoding = 4; lastKnownFileType = sourcecode.c.h; path = AFHTTPSessionManager.h; sourceTree = "<group>"; };
		FA437B9B18EC81CC0012BCE5 /* AFHTTPSessionManager.m */ = {isa = PBXFileReference; fileEncoding = 4; lastKnownFileType = sourcecode.c.objc; path = AFHTTPSessionManager.m; sourceTree = "<group>"; };
		FA437B9C18EC81CC0012BCE5 /* AFNetworking.h */ = {isa = PBXFileReference; fileEncoding = 4; lastKnownFileType = sourcecode.c.h; path = AFNetworking.h; sourceTree = "<group>"; };
		FA437B9D18EC81CC0012BCE5 /* AFNetworkReachabilityManager.h */ = {isa = PBXFileReference; fileEncoding = 4; lastKnownFileType = sourcecode.c.h; path = AFNetworkReachabilityManager.h; sourceTree = "<group>"; };
		FA437B9E18EC81CC0012BCE5 /* AFNetworkReachabilityManager.m */ = {isa = PBXFileReference; fileEncoding = 4; lastKnownFileType = sourcecode.c.objc; path = AFNetworkReachabilityManager.m; sourceTree = "<group>"; };
		FA437B9F18EC81CC0012BCE5 /* AFSecurityPolicy.h */ = {isa = PBXFileReference; fileEncoding = 4; lastKnownFileType = sourcecode.c.h; path = AFSecurityPolicy.h; sourceTree = "<group>"; };
		FA437BA018EC81CC0012BCE5 /* AFSecurityPolicy.m */ = {isa = PBXFileReference; fileEncoding = 4; lastKnownFileType = sourcecode.c.objc; path = AFSecurityPolicy.m; sourceTree = "<group>"; };
		FA437BA118EC81CC0012BCE5 /* AFURLConnectionOperation.h */ = {isa = PBXFileReference; fileEncoding = 4; lastKnownFileType = sourcecode.c.h; path = AFURLConnectionOperation.h; sourceTree = "<group>"; };
		FA437BA218EC81CC0012BCE5 /* AFURLConnectionOperation.m */ = {isa = PBXFileReference; fileEncoding = 4; lastKnownFileType = sourcecode.c.objc; path = AFURLConnectionOperation.m; sourceTree = "<group>"; };
		FA437BA318EC81CC0012BCE5 /* AFURLRequestSerialization.h */ = {isa = PBXFileReference; fileEncoding = 4; lastKnownFileType = sourcecode.c.h; path = AFURLRequestSerialization.h; sourceTree = "<group>"; };
		FA437BA418EC81CC0012BCE5 /* AFURLRequestSerialization.m */ = {isa = PBXFileReference; fileEncoding = 4; lastKnownFileType = sourcecode.c.objc; path = AFURLRequestSerialization.m; sourceTree = "<group>"; };
		FA437BA518EC81CC0012BCE5 /* AFURLResponseSerialization.h */ = {isa = PBXFileReference; fileEncoding = 4; lastKnownFileType = sourcecode.c.h; path = AFURLResponseSerialization.h; sourceTree = "<group>"; };
		FA437BA618EC81CC0012BCE5 /* AFURLResponseSerialization.m */ = {isa = PBXFileReference; fileEncoding = 4; lastKnownFileType = sourcecode.c.objc; path = AFURLResponseSerialization.m; sourceTree = "<group>"; };
		FA437BA718EC81CC0012BCE5 /* AFURLSessionManager.h */ = {isa = PBXFileReference; fileEncoding = 4; lastKnownFileType = sourcecode.c.h; path = AFURLSessionManager.h; sourceTree = "<group>"; };
		FA437BA818EC81CC0012BCE5 /* AFURLSessionManager.m */ = {isa = PBXFileReference; fileEncoding = 4; lastKnownFileType = sourcecode.c.objc; path = AFURLSessionManager.m; sourceTree = "<group>"; };
		FA437BAB18EC81CC0012BCE5 /* GAI.h */ = {isa = PBXFileReference; fileEncoding = 4; lastKnownFileType = sourcecode.c.h; path = GAI.h; sourceTree = "<group>"; };
		FA437BAC18EC81CC0012BCE5 /* GAIDictionaryBuilder.h */ = {isa = PBXFileReference; fileEncoding = 4; lastKnownFileType = sourcecode.c.h; path = GAIDictionaryBuilder.h; sourceTree = "<group>"; };
		FA437BAD18EC81CC0012BCE5 /* GAIFields.h */ = {isa = PBXFileReference; fileEncoding = 4; lastKnownFileType = sourcecode.c.h; path = GAIFields.h; sourceTree = "<group>"; };
		FA437BAE18EC81CC0012BCE5 /* GAILogger.h */ = {isa = PBXFileReference; fileEncoding = 4; lastKnownFileType = sourcecode.c.h; path = GAILogger.h; sourceTree = "<group>"; };
		FA437BAF18EC81CC0012BCE5 /* GAITrackedViewController.h */ = {isa = PBXFileReference; fileEncoding = 4; lastKnownFileType = sourcecode.c.h; path = GAITrackedViewController.h; sourceTree = "<group>"; };
		FA437BB018EC81CC0012BCE5 /* GAITracker.h */ = {isa = PBXFileReference; fileEncoding = 4; lastKnownFileType = sourcecode.c.h; path = GAITracker.h; sourceTree = "<group>"; };
		FA437BB218EC81CC0012BCE5 /* TAGContainer.h */ = {isa = PBXFileReference; fileEncoding = 4; lastKnownFileType = sourcecode.c.h; path = TAGContainer.h; sourceTree = "<group>"; };
		FA437BB318EC81CC0012BCE5 /* TAGContainerOpener.h */ = {isa = PBXFileReference; fileEncoding = 4; lastKnownFileType = sourcecode.c.h; path = TAGContainerOpener.h; sourceTree = "<group>"; };
		FA437BB418EC81CC0012BCE5 /* TAGDataLayer.h */ = {isa = PBXFileReference; fileEncoding = 4; lastKnownFileType = sourcecode.c.h; path = TAGDataLayer.h; sourceTree = "<group>"; };
		FA437BB518EC81CC0012BCE5 /* TAGLogger.h */ = {isa = PBXFileReference; fileEncoding = 4; lastKnownFileType = sourcecode.c.h; path = TAGLogger.h; sourceTree = "<group>"; };
		FA437BB618EC81CC0012BCE5 /* TAGManager.h */ = {isa = PBXFileReference; fileEncoding = 4; lastKnownFileType = sourcecode.c.h; path = TAGManager.h; sourceTree = "<group>"; };
		FA437BB718EC81CC0012BCE5 /* libAdIdAccess.a */ = {isa = PBXFileReference; lastKnownFileType = archive.ar; path = libAdIdAccess.a; sourceTree = "<group>"; };
		FA437BB818EC81CC0012BCE5 /* libGoogleAnalyticsServices.a */ = {isa = PBXFileReference; lastKnownFileType = archive.ar; path = libGoogleAnalyticsServices.a; sourceTree = "<group>"; };
		FA437BBA18EC81CC0012BCE5 /* MMDrawerBarButtonItem.h */ = {isa = PBXFileReference; fileEncoding = 4; lastKnownFileType = sourcecode.c.h; path = MMDrawerBarButtonItem.h; sourceTree = "<group>"; };
		FA437BBB18EC81CC0012BCE5 /* MMDrawerBarButtonItem.m */ = {isa = PBXFileReference; fileEncoding = 4; lastKnownFileType = sourcecode.c.objc; path = MMDrawerBarButtonItem.m; sourceTree = "<group>"; };
		FA437BBC18EC81CC0012BCE5 /* MMDrawerController+Subclass.h */ = {isa = PBXFileReference; fileEncoding = 4; lastKnownFileType = sourcecode.c.h; path = "MMDrawerController+Subclass.h"; sourceTree = "<group>"; };
		FA437BBD18EC81CC0012BCE5 /* MMDrawerController.h */ = {isa = PBXFileReference; fileEncoding = 4; lastKnownFileType = sourcecode.c.h; path = MMDrawerController.h; sourceTree = "<group>"; };
		FA437BBE18EC81CC0012BCE5 /* MMDrawerController.m */ = {isa = PBXFileReference; fileEncoding = 4; lastKnownFileType = sourcecode.c.objc; path = MMDrawerController.m; sourceTree = "<group>"; };
		FA437BBF18EC81CC0012BCE5 /* MMDrawerVisualState.h */ = {isa = PBXFileReference; fileEncoding = 4; lastKnownFileType = sourcecode.c.h; path = MMDrawerVisualState.h; sourceTree = "<group>"; };
		FA437BC018EC81CC0012BCE5 /* MMDrawerVisualState.m */ = {isa = PBXFileReference; fileEncoding = 4; lastKnownFileType = sourcecode.c.objc; path = MMDrawerVisualState.m; sourceTree = "<group>"; };
		FA437BC118EC81CC0012BCE5 /* UIViewController+MMDrawerController.h */ = {isa = PBXFileReference; fileEncoding = 4; lastKnownFileType = sourcecode.c.h; path = "UIViewController+MMDrawerController.h"; sourceTree = "<group>"; };
		FA437BC218EC81CC0012BCE5 /* UIViewController+MMDrawerController.m */ = {isa = PBXFileReference; fileEncoding = 4; lastKnownFileType = sourcecode.c.objc; path = "UIViewController+MMDrawerController.m"; sourceTree = "<group>"; };
		FA437BC418EC81CC0012BCE5 /* Reachability.h */ = {isa = PBXFileReference; fileEncoding = 4; lastKnownFileType = sourcecode.c.h; path = Reachability.h; sourceTree = "<group>"; };
		FA437BC518EC81CC0012BCE5 /* Reachability.m */ = {isa = PBXFileReference; fileEncoding = 4; lastKnownFileType = sourcecode.c.objc; path = Reachability.m; sourceTree = "<group>"; };
		FA437BC718EC81CC0012BCE5 /* RSSItem.h */ = {isa = PBXFileReference; fileEncoding = 4; lastKnownFileType = sourcecode.c.h; path = RSSItem.h; sourceTree = "<group>"; };
		FA437BC818EC81CC0012BCE5 /* RSSItem.m */ = {isa = PBXFileReference; fileEncoding = 4; lastKnownFileType = sourcecode.c.objc; path = RSSItem.m; sourceTree = "<group>"; };
		FA437BC918EC81CC0012BCE5 /* RSSParser.h */ = {isa = PBXFileReference; fileEncoding = 4; lastKnownFileType = sourcecode.c.h; path = RSSParser.h; sourceTree = "<group>"; };
		FA437BCA18EC81CC0012BCE5 /* RSSParser.m */ = {isa = PBXFileReference; fileEncoding = 4; lastKnownFileType = sourcecode.c.objc; path = RSSParser.m; sourceTree = "<group>"; };
		FA437BCC18EC81CC0012BCE5 /* SVProgressHUD-Prefix.pch */ = {isa = PBXFileReference; fileEncoding = 4; lastKnownFileType = sourcecode.c.h; path = "SVProgressHUD-Prefix.pch"; sourceTree = "<group>"; };
		FA437BCD18EC81CC0012BCE5 /* SVProgressHUD.bundle */ = {isa = PBXFileReference; lastKnownFileType = "wrapper.plug-in"; path = SVProgressHUD.bundle; sourceTree = "<group>"; };
		FA437BCE18EC81CC0012BCE5 /* SVProgressHUD.h */ = {isa = PBXFileReference; fileEncoding = 4; lastKnownFileType = sourcecode.c.h; path = SVProgressHUD.h; sourceTree = "<group>"; };
		FA437BCF18EC81CC0012BCE5 /* SVProgressHUD.m */ = {isa = PBXFileReference; fileEncoding = 4; lastKnownFileType = sourcecode.c.objc; path = SVProgressHUD.m; sourceTree = "<group>"; };
		FA437BD118EC81CC0012BCE5 /* SVModalWebViewController.h */ = {isa = PBXFileReference; fileEncoding = 4; lastKnownFileType = sourcecode.c.h; path = SVModalWebViewController.h; sourceTree = "<group>"; };
		FA437BD218EC81CC0012BCE5 /* SVModalWebViewController.m */ = {isa = PBXFileReference; fileEncoding = 4; lastKnownFileType = sourcecode.c.objc; path = SVModalWebViewController.m; sourceTree = "<group>"; };
		FA437BD318EC81CC0012BCE5 /* SVWebViewController.bundle */ = {isa = PBXFileReference; lastKnownFileType = "wrapper.plug-in"; path = SVWebViewController.bundle; sourceTree = "<group>"; };
		FA437BD418EC81CC0012BCE5 /* SVWebViewController.h */ = {isa = PBXFileReference; fileEncoding = 4; lastKnownFileType = sourcecode.c.h; path = SVWebViewController.h; sourceTree = "<group>"; };
		FA437BD518EC81CC0012BCE5 /* SVWebViewController.m */ = {isa = PBXFileReference; fileEncoding = 4; lastKnownFileType = sourcecode.c.objc; path = SVWebViewController.m; sourceTree = "<group>"; };
		FA437BD818EC81CC0012BCE5 /* SVWebViewControllerActivityChrome-iPad.png */ = {isa = PBXFileReference; lastKnownFileType = image.png; path = "SVWebViewControllerActivityChrome-iPad.png"; sourceTree = "<group>"; };
		FA437BD918EC81CC0012BCE5 /* SVWebViewControllerActivityChrome-iPad@2x.png */ = {isa = PBXFileReference; lastKnownFileType = image.png; path = "SVWebViewControllerActivityChrome-iPad@2x.png"; sourceTree = "<group>"; };
		FA437BDA18EC81CC0012BCE5 /* SVWebViewControllerActivityChrome.h */ = {isa = PBXFileReference; fileEncoding = 4; lastKnownFileType = sourcecode.c.h; path = SVWebViewControllerActivityChrome.h; sourceTree = "<group>"; };
		FA437BDB18EC81CC0012BCE5 /* SVWebViewControllerActivityChrome.m */ = {isa = PBXFileReference; fileEncoding = 4; lastKnownFileType = sourcecode.c.objc; path = SVWebViewControllerActivityChrome.m; sourceTree = "<group>"; };
		FA437BDC18EC81CC0012BCE5 /* SVWebViewControllerActivityChrome@2x.png */ = {isa = PBXFileReference; lastKnownFileType = image.png; path = "SVWebViewControllerActivityChrome@2x.png"; sourceTree = "<group>"; };
		FA437BDE18EC81CC0012BCE5 /* SVWebViewControllerActivitySafari-iPad.png */ = {isa = PBXFileReference; lastKnownFileType = image.png; path = "SVWebViewControllerActivitySafari-iPad.png"; sourceTree = "<group>"; };
		FA437BDF18EC81CC0012BCE5 /* SVWebViewControllerActivitySafari-iPad@2x.png */ = {isa = PBXFileReference; lastKnownFileType = image.png; path = "SVWebViewControllerActivitySafari-iPad@2x.png"; sourceTree = "<group>"; };
		FA437BE018EC81CC0012BCE5 /* SVWebViewControllerActivitySafari.h */ = {isa = PBXFileReference; fileEncoding = 4; lastKnownFileType = sourcecode.c.h; path = SVWebViewControllerActivitySafari.h; sourceTree = "<group>"; };
		FA437BE118EC81CC0012BCE5 /* SVWebViewControllerActivitySafari.m */ = {isa = PBXFileReference; fileEncoding = 4; lastKnownFileType = sourcecode.c.objc; path = SVWebViewControllerActivitySafari.m; sourceTree = "<group>"; };
		FA437BE218EC81CC0012BCE5 /* SVWebViewControllerActivitySafari@2x.png */ = {isa = PBXFileReference; lastKnownFileType = image.png; path = "SVWebViewControllerActivitySafari@2x.png"; sourceTree = "<group>"; };
		FA437BE318EC81CC0012BCE5 /* SVWebViewControllerActivity.h */ = {isa = PBXFileReference; fileEncoding = 4; lastKnownFileType = sourcecode.c.h; path = SVWebViewControllerActivity.h; sourceTree = "<group>"; };
		FA437BE418EC81CC0012BCE5 /* SVWebViewControllerActivity.m */ = {isa = PBXFileReference; fileEncoding = 4; lastKnownFileType = sourcecode.c.objc; path = SVWebViewControllerActivity.m; sourceTree = "<group>"; };
		FA437BE618EC81CC0012BCE5 /* AFNetworkActivityIndicatorManager.h */ = {isa = PBXFileReference; fileEncoding = 4; lastKnownFileType = sourcecode.c.h; path = AFNetworkActivityIndicatorManager.h; sourceTree = "<group>"; };
		FA437BE718EC81CC0012BCE5 /* AFNetworkActivityIndicatorManager.m */ = {isa = PBXFileReference; fileEncoding = 4; lastKnownFileType = sourcecode.c.objc; path = AFNetworkActivityIndicatorManager.m; sourceTree = "<group>"; };
		FA437BE818EC81CC0012BCE5 /* UIActivityIndicatorView+AFNetworking.h */ = {isa = PBXFileReference; fileEncoding = 4; lastKnownFileType = sourcecode.c.h; path = "UIActivityIndicatorView+AFNetworking.h"; sourceTree = "<group>"; };
		FA437BE918EC81CC0012BCE5 /* UIActivityIndicatorView+AFNetworking.m */ = {isa = PBXFileReference; fileEncoding = 4; lastKnownFileType = sourcecode.c.objc; path = "UIActivityIndicatorView+AFNetworking.m"; sourceTree = "<group>"; };
		FA437BEA18EC81CC0012BCE5 /* UIAlertView+AFNetworking.h */ = {isa = PBXFileReference; fileEncoding = 4; lastKnownFileType = sourcecode.c.h; path = "UIAlertView+AFNetworking.h"; sourceTree = "<group>"; };
		FA437BEB18EC81CC0012BCE5 /* UIAlertView+AFNetworking.m */ = {isa = PBXFileReference; fileEncoding = 4; lastKnownFileType = sourcecode.c.objc; path = "UIAlertView+AFNetworking.m"; sourceTree = "<group>"; };
		FA437BEC18EC81CC0012BCE5 /* UIButton+AFNetworking.h */ = {isa = PBXFileReference; fileEncoding = 4; lastKnownFileType = sourcecode.c.h; path = "UIButton+AFNetworking.h"; sourceTree = "<group>"; };
		FA437BED18EC81CC0012BCE5 /* UIButton+AFNetworking.m */ = {isa = PBXFileReference; fileEncoding = 4; lastKnownFileType = sourcecode.c.objc; path = "UIButton+AFNetworking.m"; sourceTree = "<group>"; };
		FA437BEE18EC81CC0012BCE5 /* UIImageView+AFNetworking.h */ = {isa = PBXFileReference; fileEncoding = 4; lastKnownFileType = sourcecode.c.h; path = "UIImageView+AFNetworking.h"; sourceTree = "<group>"; };
		FA437BEF18EC81CC0012BCE5 /* UIImageView+AFNetworking.m */ = {isa = PBXFileReference; fileEncoding = 4; lastKnownFileType = sourcecode.c.objc; path = "UIImageView+AFNetworking.m"; sourceTree = "<group>"; };
		FA437BF018EC81CC0012BCE5 /* UIKit+AFNetworking.h */ = {isa = PBXFileReference; fileEncoding = 4; lastKnownFileType = sourcecode.c.h; path = "UIKit+AFNetworking.h"; sourceTree = "<group>"; };
		FA437BF118EC81CC0012BCE5 /* UIProgressView+AFNetworking.h */ = {isa = PBXFileReference; fileEncoding = 4; lastKnownFileType = sourcecode.c.h; path = "UIProgressView+AFNetworking.h"; sourceTree = "<group>"; };
		FA437BF218EC81CC0012BCE5 /* UIProgressView+AFNetworking.m */ = {isa = PBXFileReference; fileEncoding = 4; lastKnownFileType = sourcecode.c.objc; path = "UIProgressView+AFNetworking.m"; sourceTree = "<group>"; };
		FA437BF318EC81CC0012BCE5 /* UIRefreshControl+AFNetworking.h */ = {isa = PBXFileReference; fileEncoding = 4; lastKnownFileType = sourcecode.c.h; path = "UIRefreshControl+AFNetworking.h"; sourceTree = "<group>"; };
		FA437BF418EC81CC0012BCE5 /* UIRefreshControl+AFNetworking.m */ = {isa = PBXFileReference; fileEncoding = 4; lastKnownFileType = sourcecode.c.objc; path = "UIRefreshControl+AFNetworking.m"; sourceTree = "<group>"; };
		FA437BF518EC81CC0012BCE5 /* UIWebView+AFNetworking.h */ = {isa = PBXFileReference; fileEncoding = 4; lastKnownFileType = sourcecode.c.h; path = "UIWebView+AFNetworking.h"; sourceTree = "<group>"; };
		FA437BF618EC81CC0012BCE5 /* UIWebView+AFNetworking.m */ = {isa = PBXFileReference; fileEncoding = 4; lastKnownFileType = sourcecode.c.objc; path = "UIWebView+AFNetworking.m"; sourceTree = "<group>"; };
		FA437C1F18EC82930012BCE5 /* README.md */ = {isa = PBXFileReference; fileEncoding = 4; lastKnownFileType = text; path = README.md; sourceTree = SOURCE_ROOT; };
		FA437C2118EC85720012BCE5 /* DrawerFactory.h */ = {isa = PBXFileReference; fileEncoding = 4; lastKnownFileType = sourcecode.c.h; name = DrawerFactory.h; path = Classes/DrawerFactory.h; sourceTree = "<group>"; };
		FA437C2218EC85720012BCE5 /* DrawerFactory.m */ = {isa = PBXFileReference; fileEncoding = 4; lastKnownFileType = sourcecode.c.objc; name = DrawerFactory.m; path = Classes/DrawerFactory.m; sourceTree = "<group>"; };
		FA437C2518EC86230012BCE5 /* LeftView.h */ = {isa = PBXFileReference; fileEncoding = 4; lastKnownFileType = sourcecode.c.h; name = LeftView.h; path = View/LeftView.h; sourceTree = "<group>"; };
		FA437C2618EC86230012BCE5 /* LeftView.m */ = {isa = PBXFileReference; fileEncoding = 4; lastKnownFileType = sourcecode.c.objc; name = LeftView.m; path = View/LeftView.m; sourceTree = "<group>"; };
		FA437C2818EC86350012BCE5 /* LeftController.h */ = {isa = PBXFileReference; fileEncoding = 4; lastKnownFileType = sourcecode.c.h; name = LeftController.h; path = Controller/LeftController.h; sourceTree = "<group>"; };
		FA437C2918EC86350012BCE5 /* LeftController.m */ = {isa = PBXFileReference; fileEncoding = 4; lastKnownFileType = sourcecode.c.objc; name = LeftController.m; path = Controller/LeftController.m; sourceTree = "<group>"; };
		FA437C2B18EC8A540012BCE5 /* DashboardView.h */ = {isa = PBXFileReference; fileEncoding = 4; lastKnownFileType = sourcecode.c.h; name = DashboardView.h; path = View/DashboardView.h; sourceTree = "<group>"; };
		FA437C2C18EC8A540012BCE5 /* DashboardView.m */ = {isa = PBXFileReference; fileEncoding = 4; lastKnownFileType = sourcecode.c.objc; name = DashboardView.m; path = View/DashboardView.m; sourceTree = "<group>"; };
		FA437C2E18EC8A6A0012BCE5 /* DashboardController.h */ = {isa = PBXFileReference; fileEncoding = 4; lastKnownFileType = sourcecode.c.h; name = DashboardController.h; path = Controller/DashboardController.h; sourceTree = "<group>"; };
		FA437C2F18EC8A6A0012BCE5 /* DashboardController.m */ = {isa = PBXFileReference; fileEncoding = 4; lastKnownFileType = sourcecode.c.objc; name = DashboardController.m; path = Controller/DashboardController.m; sourceTree = "<group>"; };
		FA437C3118EC9AE70012BCE5 /* SettingView.h */ = {isa = PBXFileReference; fileEncoding = 4; lastKnownFileType = sourcecode.c.h; name = SettingView.h; path = View/SettingView.h; sourceTree = "<group>"; };
		FA437C3218EC9AE70012BCE5 /* SettingView.m */ = {isa = PBXFileReference; fileEncoding = 4; lastKnownFileType = sourcecode.c.objc; name = SettingView.m; path = View/SettingView.m; sourceTree = "<group>"; };
		FA437C3418EC9AFA0012BCE5 /* SettingController.h */ = {isa = PBXFileReference; fileEncoding = 4; lastKnownFileType = sourcecode.c.h; name = SettingController.h; path = Controller/SettingController.h; sourceTree = "<group>"; };
		FA437C3518EC9AFA0012BCE5 /* SettingController.m */ = {isa = PBXFileReference; fileEncoding = 4; lastKnownFileType = sourcecode.c.objc; name = SettingController.m; path = Controller/SettingController.m; sourceTree = "<group>"; };
		FA437C3718EC9F140012BCE5 /* TextFieldCell.h */ = {isa = PBXFileReference; fileEncoding = 4; lastKnownFileType = sourcecode.c.h; name = TextFieldCell.h; path = View/TableViewCell/TextFieldCell.h; sourceTree = "<group>"; };
		FA437C3818EC9F140012BCE5 /* TextFieldCell.m */ = {isa = PBXFileReference; fileEncoding = 4; lastKnownFileType = sourcecode.c.objc; name = TextFieldCell.m; path = View/TableViewCell/TextFieldCell.m; sourceTree = "<group>"; };
		FA437C4118ECA77A0012BCE5 /* EditChannelView.h */ = {isa = PBXFileReference; fileEncoding = 4; lastKnownFileType = sourcecode.c.h; name = EditChannelView.h; path = View/EditChannelView.h; sourceTree = "<group>"; };
		FA437C4218ECA77A0012BCE5 /* EditChannelView.m */ = {isa = PBXFileReference; fileEncoding = 4; lastKnownFileType = sourcecode.c.objc; name = EditChannelView.m; path = View/EditChannelView.m; sourceTree = "<group>"; };
		FA437C4418ECA7950012BCE5 /* EditChannelController.h */ = {isa = PBXFileReference; fileEncoding = 4; lastKnownFileType = sourcecode.c.h; name = EditChannelController.h; path = Controller/EditChannelController.h; sourceTree = "<group>"; };
		FA437C4518ECA7950012BCE5 /* EditChannelController.m */ = {isa = PBXFileReference; fileEncoding = 4; lastKnownFileType = sourcecode.c.objc; name = EditChannelController.m; path = Controller/EditChannelController.m; sourceTree = "<group>"; };
		FA437C4718ECACDB0012BCE5 /* RssFeedView.h */ = {isa = PBXFileReference; fileEncoding = 4; lastKnownFileType = sourcecode.c.h; name = RssFeedView.h; path = View/RssFeedView.h; sourceTree = "<group>"; };
		FA437C4818ECACDB0012BCE5 /* RssFeedView.m */ = {isa = PBXFileReference; fileEncoding = 4; lastKnownFileType = sourcecode.c.objc; name = RssFeedView.m; path = View/RssFeedView.m; sourceTree = "<group>"; };
		FA437C4A18ECACEE0012BCE5 /* RssFeedController.h */ = {isa = PBXFileReference; fileEncoding = 4; lastKnownFileType = sourcecode.c.h; name = RssFeedController.h; path = Controller/RssFeedController.h; sourceTree = "<group>"; };
		FA437C4B18ECACEE0012BCE5 /* RssFeedController.m */ = {isa = PBXFileReference; fileEncoding = 4; lastKnownFileType = sourcecode.c.objc; name = RssFeedController.m; path = Controller/RssFeedController.m; sourceTree = "<group>"; };
		FA437C4E18ECB6760012BCE5 /* libTestFlight.a */ = {isa = PBXFileReference; lastKnownFileType = archive.ar; path = libTestFlight.a; sourceTree = "<group>"; };
		FA437C4F18ECB6760012BCE5 /* TestFlight+AsyncLogging.h */ = {isa = PBXFileReference; fileEncoding = 4; lastKnownFileType = sourcecode.c.h; path = "TestFlight+AsyncLogging.h"; sourceTree = "<group>"; };
		FA437C5018ECB6760012BCE5 /* TestFlight+ManualSessions.h */ = {isa = PBXFileReference; fileEncoding = 4; lastKnownFileType = sourcecode.c.h; path = "TestFlight+ManualSessions.h"; sourceTree = "<group>"; };
		FA437C5118ECB6760012BCE5 /* TestFlight.h */ = {isa = PBXFileReference; fileEncoding = 4; lastKnownFileType = sourcecode.c.h; path = TestFlight.h; sourceTree = "<group>"; };
		FA437C5318ECB6B80012BCE5 /* SystemConfiguration.framework */ = {isa = PBXFileReference; lastKnownFileType = wrapper.framework; name = SystemConfiguration.framework; path = System/Library/Frameworks/SystemConfiguration.framework; sourceTree = SDKROOT; };
		FA437C5518ECB6CF0012BCE5 /* libz.dylib */ = {isa = PBXFileReference; lastKnownFileType = "compiled.mach-o.dylib"; name = libz.dylib; path = usr/lib/libz.dylib; sourceTree = SDKROOT; };
		FA437C5718ECB6DB0012BCE5 /* AdSupport.framework */ = {isa = PBXFileReference; lastKnownFileType = wrapper.framework; name = AdSupport.framework; path = System/Library/Frameworks/AdSupport.framework; sourceTree = SDKROOT; };
		FA7B0FE818F94FCC000D8D43 /* Appirater.h */ = {isa = PBXFileReference; fileEncoding = 4; lastKnownFileType = sourcecode.c.h; path = Appirater.h; sourceTree = "<group>"; };
		FA7B0FE918F94FCC000D8D43 /* Appirater.m */ = {isa = PBXFileReference; fileEncoding = 4; lastKnownFileType = sourcecode.c.objc; path = Appirater.m; sourceTree = "<group>"; };
		FA7B0FEA18F94FCC000D8D43 /* AppiraterDelegate.h */ = {isa = PBXFileReference; fileEncoding = 4; lastKnownFileType = sourcecode.c.h; path = AppiraterDelegate.h; sourceTree = "<group>"; };
		FA836D8B18EF3C4F0005FF8E /* DetailItemController.h */ = {isa = PBXFileReference; fileEncoding = 4; lastKnownFileType = sourcecode.c.h; name = DetailItemController.h; path = Controller/DetailItemController.h; sourceTree = "<group>"; };
		FA836D8C18EF3C4F0005FF8E /* DetailItemController.m */ = {isa = PBXFileReference; fileEncoding = 4; lastKnownFileType = sourcecode.c.objc; name = DetailItemController.m; path = Controller/DetailItemController.m; sourceTree = "<group>"; };
		FA836D8E18EF3C830005FF8E /* DetailItemView.h */ = {isa = PBXFileReference; fileEncoding = 4; lastKnownFileType = sourcecode.c.h; name = DetailItemView.h; path = View/DetailItemView.h; sourceTree = "<group>"; };
		FA836D8F18EF3C830005FF8E /* DetailItemView.m */ = {isa = PBXFileReference; fileEncoding = 4; lastKnownFileType = sourcecode.c.objc; name = DetailItemView.m; path = View/DetailItemView.m; sourceTree = "<group>"; };
		FA8508F818EDFA870083BB00 /* DataModel.h */ = {isa = PBXFileReference; fileEncoding = 4; lastKnownFileType = sourcecode.c.h; name = DataModel.h; path = Classes/DataModel.h; sourceTree = "<group>"; };
		FA8508F918EDFA870083BB00 /* DataModel.m */ = {isa = PBXFileReference; fileEncoding = 4; lastKnownFileType = sourcecode.c.objc; name = DataModel.m; path = Classes/DataModel.m; sourceTree = "<group>"; };
		FA8508FE18EE03200083BB00 /* icon_channel.png */ = {isa = PBXFileReference; lastKnownFileType = image.png; path = icon_channel.png; sourceTree = "<group>"; };
		FA8508FF18EE03200083BB00 /* icon_channel@2x.png */ = {isa = PBXFileReference; lastKnownFileType = image.png; path = "icon_channel@2x.png"; sourceTree = "<group>"; };
		FA85090018EE03200083BB00 /* icon_home.png */ = {isa = PBXFileReference; lastKnownFileType = image.png; path = icon_home.png; sourceTree = "<group>"; };
		FA85090118EE03200083BB00 /* icon_home@2x.png */ = {isa = PBXFileReference; lastKnownFileType = image.png; path = "icon_home@2x.png"; sourceTree = "<group>"; };
		FA85090218EE03200083BB00 /* icon_link.png */ = {isa = PBXFileReference; lastKnownFileType = image.png; path = icon_link.png; sourceTree = "<group>"; };
		FA85090318EE03200083BB00 /* icon_link@2x.png */ = {isa = PBXFileReference; lastKnownFileType = image.png; path = "icon_link@2x.png"; sourceTree = "<group>"; };
		FA85090418EE03200083BB00 /* icon_rss.png */ = {isa = PBXFileReference; lastKnownFileType = image.png; path = icon_rss.png; sourceTree = "<group>"; };
		FA85090518EE03200083BB00 /* icon_rss@2x.png */ = {isa = PBXFileReference; lastKnownFileType = image.png; path = "icon_rss@2x.png"; sourceTree = "<group>"; };
		FA85090618EE03200083BB00 /* icon_settings.png */ = {isa = PBXFileReference; lastKnownFileType = image.png; path = icon_settings.png; sourceTree = "<group>"; };
		FA85090718EE03200083BB00 /* icon_settings@2x.png */ = {isa = PBXFileReference; lastKnownFileType = image.png; path = "icon_settings@2x.png"; sourceTree = "<group>"; };
		FA85090818EE03200083BB00 /* icon_title.png */ = {isa = PBXFileReference; lastKnownFileType = image.png; path = icon_title.png; sourceTree = "<group>"; };
		FA85090918EE03200083BB00 /* icon_title@2x.png */ = {isa = PBXFileReference; lastKnownFileType = image.png; path = "icon_title@2x.png"; sourceTree = "<group>"; };
		FA85091618EE03440083BB00 /* IconViewCell.h */ = {isa = PBXFileReference; fileEncoding = 4; lastKnownFileType = sourcecode.c.h; name = IconViewCell.h; path = View/TableViewCell/IconViewCell.h; sourceTree = "<group>"; };
		FA85091718EE03440083BB00 /* IconViewCell.m */ = {isa = PBXFileReference; fileEncoding = 4; lastKnownFileType = sourcecode.c.objc; name = IconViewCell.m; path = View/TableViewCell/IconViewCell.m; sourceTree = "<group>"; };
		FA85091918EE15230083BB00 /* LeftModel.h */ = {isa = PBXFileReference; fileEncoding = 4; lastKnownFileType = sourcecode.c.h; name = LeftModel.h; path = Model/LeftModel.h; sourceTree = "<group>"; };
		FA85091A18EE15230083BB00 /* LeftModel.m */ = {isa = PBXFileReference; fileEncoding = 4; lastKnownFileType = sourcecode.c.objc; name = LeftModel.m; path = Model/LeftModel.m; sourceTree = "<group>"; };
		FA997DC118F0424700A2A67F /* TextViewCell.h */ = {isa = PBXFileReference; fileEncoding = 4; lastKnownFileType = sourcecode.c.h; name = TextViewCell.h; path = View/TableViewCell/TextViewCell.h; sourceTree = "<group>"; };
		FA997DC218F0424700A2A67F /* TextViewCell.m */ = {isa = PBXFileReference; fileEncoding = 4; lastKnownFileType = sourcecode.c.objc; name = TextViewCell.m; path = View/TableViewCell/TextViewCell.m; sourceTree = "<group>"; };
		FA997DC418F055F000A2A67F /* NSDate+Date.h */ = {isa = PBXFileReference; fileEncoding = 4; lastKnownFileType = sourcecode.c.h; name = "NSDate+Date.h"; path = "Category/NSDate+Date.h"; sourceTree = "<group>"; };
		FA997DC518F055F000A2A67F /* NSDate+Date.m */ = {isa = PBXFileReference; fileEncoding = 4; lastKnownFileType = sourcecode.c.objc; name = "NSDate+Date.m"; path = "Category/NSDate+Date.m"; sourceTree = "<group>"; };
		FA997DC818F06B0A00A2A67F /* Social.framework */ = {isa = PBXFileReference; lastKnownFileType = wrapper.framework; name = Social.framework; path = System/Library/Frameworks/Social.framework; sourceTree = SDKROOT; };
		FA997DCA18F06B1100A2A67F /* MessageUI.framework */ = {isa = PBXFileReference; lastKnownFileType = wrapper.framework; name = MessageUI.framework; path = System/Library/Frameworks/MessageUI.framework; sourceTree = SDKROOT; };
		FA997DCC18F0A97300A2A67F /* Settings.bundle */ = {isa = PBXFileReference; lastKnownFileType = "wrapper.plug-in"; name = Settings.bundle; path = Bundle/Settings.bundle; sourceTree = "<group>"; };
		FA997DCF18F0C4E800A2A67F /* Article.h */ = {isa = PBXFileReference; fileEncoding = 4; lastKnownFileType = sourcecode.c.h; name = Article.h; path = MappingModel/Article.h; sourceTree = "<group>"; };
		FA997DD018F0C4E800A2A67F /* Article.m */ = {isa = PBXFileReference; fileEncoding = 4; lastKnownFileType = sourcecode.c.objc; name = Article.m; path = MappingModel/Article.m; sourceTree = "<group>"; };
		FAA4E31B18F15D8A007245E3 /* description.png */ = {isa = PBXFileReference; lastKnownFileType = image.png; path = description.png; sourceTree = "<group>"; };
		FAA4E31C18F15D8A007245E3 /* description@2x.png */ = {isa = PBXFileReference; lastKnownFileType = image.png; path = "description@2x.png"; sourceTree = "<group>"; };
		FAA4E31F18F1919D007245E3 /* QuartzCore.framework */ = {isa = PBXFileReference; lastKnownFileType = wrapper.framework; name = QuartzCore.framework; path = System/Library/Frameworks/QuartzCore.framework; sourceTree = SDKROOT; };
		FAA4E32218F192B1007245E3 /* fppopover-Prefix.pch */ = {isa = PBXFileReference; fileEncoding = 4; lastKnownFileType = sourcecode.c.h; path = "fppopover-Prefix.pch"; sourceTree = "<group>"; };
		FAA4E32318F192B1007245E3 /* FPPopoverController.h */ = {isa = PBXFileReference; fileEncoding = 4; lastKnownFileType = sourcecode.c.h; path = FPPopoverController.h; sourceTree = "<group>"; };
		FAA4E32418F192B2007245E3 /* FPPopoverController.m */ = {isa = PBXFileReference; fileEncoding = 4; lastKnownFileType = sourcecode.c.objc; path = FPPopoverController.m; sourceTree = "<group>"; };
		FAA4E32518F192B2007245E3 /* FPPopoverView.h */ = {isa = PBXFileReference; fileEncoding = 4; lastKnownFileType = sourcecode.c.h; path = FPPopoverView.h; sourceTree = "<group>"; };
		FAA4E32618F192B2007245E3 /* FPPopoverView.m */ = {isa = PBXFileReference; fileEncoding = 4; lastKnownFileType = sourcecode.c.objc; path = FPPopoverView.m; sourceTree = "<group>"; };
		FAA4E32718F192B2007245E3 /* FPTouchView.h */ = {isa = PBXFileReference; fileEncoding = 4; lastKnownFileType = sourcecode.c.h; path = FPTouchView.h; sourceTree = "<group>"; };
		FAA4E32818F192B2007245E3 /* FPTouchView.m */ = {isa = PBXFileReference; fileEncoding = 4; lastKnownFileType = sourcecode.c.objc; path = FPTouchView.m; sourceTree = "<group>"; };
		FAA4E32F18F19575007245E3 /* ARCMacros.h */ = {isa = PBXFileReference; fileEncoding = 4; lastKnownFileType = sourcecode.c.h; path = ARCMacros.h; sourceTree = "<group>"; };
		FAA4E33618F19C5B007245E3 /* icon_font_size.png */ = {isa = PBXFileReference; lastKnownFileType = image.png; path = icon_font_size.png; sourceTree = "<group>"; };
		FAA4E33718F19C5B007245E3 /* icon_font_size@2x.png */ = {isa = PBXFileReference; lastKnownFileType = image.png; path = "icon_font_size@2x.png"; sourceTree = "<group>"; };
		FAA4E33A18F1A1DC007245E3 /* FontSizeView.h */ = {isa = PBXFileReference; fileEncoding = 4; lastKnownFileType = sourcecode.c.h; name = FontSizeView.h; path = View/FontSizeView.h; sourceTree = "<group>"; };
		FAA4E33B18F1A1DC007245E3 /* FontSizeView.m */ = {isa = PBXFileReference; fileEncoding = 4; lastKnownFileType = sourcecode.c.objc; name = FontSizeView.m; path = View/FontSizeView.m; sourceTree = "<group>"; };
		FAA4E33D18F1A1F8007245E3 /* FontSizeController.h */ = {isa = PBXFileReference; fileEncoding = 4; lastKnownFileType = sourcecode.c.h; name = FontSizeController.h; path = Controller/FontSizeController.h; sourceTree = "<group>"; };
		FAA4E33E18F1A1F8007245E3 /* FontSizeController.m */ = {isa = PBXFileReference; fileEncoding = 4; lastKnownFileType = sourcecode.c.objc; name = FontSizeController.m; path = Controller/FontSizeController.m; sourceTree = "<group>"; };
/* End PBXFileReference section */

/* Begin PBXFrameworksBuildPhase section */
		FA37A24218DC6F7700B79FE8 /* Frameworks */ = {
			isa = PBXFrameworksBuildPhase;
			buildActionMask = 2147483647;
			files = (
				FAA4E32018F1919D007245E3 /* QuartzCore.framework in Frameworks */,
				FA997DCB18F06B1100A2A67F /* MessageUI.framework in Frameworks */,
				FA997DC918F06B0A00A2A67F /* Social.framework in Frameworks */,
				FA437C5818ECB6DB0012BCE5 /* AdSupport.framework in Frameworks */,
				FA437C5618ECB6CF0012BCE5 /* libz.dylib in Frameworks */,
				FA437C5418ECB6B80012BCE5 /* SystemConfiguration.framework in Frameworks */,
				FA37A27F18DC723A00B79FE8 /* CoreData.framework in Frameworks */,
				FA437C5218ECB6760012BCE5 /* libTestFlight.a in Frameworks */,
				FA37A24B18DC6F7700B79FE8 /* CoreGraphics.framework in Frameworks */,
				FA37A24D18DC6F7700B79FE8 /* UIKit.framework in Frameworks */,
				FA37A24918DC6F7700B79FE8 /* Foundation.framework in Frameworks */,
				FA437C0018EC81CC0012BCE5 /* libAdIdAccess.a in Frameworks */,
				FA437C0118EC81CC0012BCE5 /* libGoogleAnalyticsServices.a in Frameworks */,
			);
			runOnlyForDeploymentPostprocessing = 0;
		};
/* End PBXFrameworksBuildPhase section */

/* Begin PBXGroup section */
		FA37A23C18DC6F7700B79FE8 = {
			isa = PBXGroup;
			children = (
				FA37A24E18DC6F7700B79FE8 /* iRSSClient */,
				FA37A24718DC6F7700B79FE8 /* Frameworks */,
				FA37A24618DC6F7700B79FE8 /* Products */,
			);
			sourceTree = "<group>";
		};
		FA37A24618DC6F7700B79FE8 /* Products */ = {
			isa = PBXGroup;
			children = (
				FA37A24518DC6F7700B79FE8 /* iRSSClient.app */,
			);
			name = Products;
			sourceTree = "<group>";
		};
		FA37A24718DC6F7700B79FE8 /* Frameworks */ = {
			isa = PBXGroup;
			children = (
				FA437B9418EC81CC0012BCE5 /* Libraries */,
				FAA4E31F18F1919D007245E3 /* QuartzCore.framework */,
				FA997DCA18F06B1100A2A67F /* MessageUI.framework */,
				FA997DC818F06B0A00A2A67F /* Social.framework */,
				FA437C5718ECB6DB0012BCE5 /* AdSupport.framework */,
				FA437C5318ECB6B80012BCE5 /* SystemConfiguration.framework */,
				FA37A27E18DC723A00B79FE8 /* CoreData.framework */,
				FA37A24818DC6F7700B79FE8 /* Foundation.framework */,
				FA37A24A18DC6F7700B79FE8 /* CoreGraphics.framework */,
				FA37A24C18DC6F7700B79FE8 /* UIKit.framework */,
				FA437C5518ECB6CF0012BCE5 /* libz.dylib */,
			);
			name = Frameworks;
			sourceTree = "<group>";
		};
		FA37A24E18DC6F7700B79FE8 /* iRSSClient */ = {
			isa = PBXGroup;
			children = (
				FA437C1F18EC82930012BCE5 /* README.md */,
				FA37A25718DC6F7700B79FE8 /* AppDelegate.h */,
				FA37A25818DC6F7700B79FE8 /* AppDelegate.m */,
				FA997DC718F055F400A2A67F /* Category */,
				FA437C2418EC85750012BCE5 /* Classes */,
				FA37A28B18DCDA0500B79FE8 /* MappingModel */,
				FA836D9118EF552F0005FF8E /* Model */,
				FA37A28318DC735900B79FE8 /* View */,
				FA37A28718DC737F00B79FE8 /* Controller */,
				FA37A27918DC708400B79FE8 /* Storyboard */,
				FA37A25A18DC6F7700B79FE8 /* Images.xcassets */,
				FA37A24F18DC6F7700B79FE8 /* Supporting Files */,
			);
			path = iRSSClient;
			sourceTree = "<group>";
		};
		FA37A24F18DC6F7700B79FE8 /* Supporting Files */ = {
			isa = PBXGroup;
			children = (
				FA997DCE18F0AFC800A2A67F /* Bundle */,
				FA8508FB18EE03200083BB00 /* Resources */,
				FA37A27D18DC718C00B79FE8 /* DataModel */,
				FA37A29518DCDF3D00B79FE8 /* Localizable.strings */,
				FA37A25118DC6F7700B79FE8 /* InfoPlist.strings */,
				FA37A25418DC6F7700B79FE8 /* main.m */,
				FA37A25618DC6F7700B79FE8 /* iRSSClient-Prefix.pch */,
				FA37A25018DC6F7700B79FE8 /* iRSSClient-Info.plist */,
			);
			name = "Supporting Files";
			sourceTree = "<group>";
		};
		FA37A27918DC708400B79FE8 /* Storyboard */ = {
			isa = PBXGroup;
			children = (
				FA37A27718DC707700B79FE8 /* iPhone.storyboard */,
			);
			name = Storyboard;
			sourceTree = "<group>";
		};
		FA37A27D18DC718C00B79FE8 /* DataModel */ = {
			isa = PBXGroup;
			children = (
				FA37A27A18DC718600B79FE8 /* DataModel.xcdatamodeld */,
			);
			name = DataModel;
			sourceTree = "<group>";
		};
		FA37A28318DC735900B79FE8 /* View */ = {
			isa = PBXGroup;
			children = (
				FA437C3A18EC9F170012BCE5 /* TableViewCell */,
				FA437C2518EC86230012BCE5 /* LeftView.h */,
				FA437C2618EC86230012BCE5 /* LeftView.m */,
				FA437C2B18EC8A540012BCE5 /* DashboardView.h */,
				FA437C2C18EC8A540012BCE5 /* DashboardView.m */,
				FA37A28018DC735400B79FE8 /* ChannelView.h */,
				FA37A28118DC735400B79FE8 /* ChannelView.m */,
				FA437C4118ECA77A0012BCE5 /* EditChannelView.h */,
				FA437C4218ECA77A0012BCE5 /* EditChannelView.m */,
				FA437C4718ECACDB0012BCE5 /* RssFeedView.h */,
				FA437C4818ECACDB0012BCE5 /* RssFeedView.m */,
				FA836D8E18EF3C830005FF8E /* DetailItemView.h */,
				FA836D8F18EF3C830005FF8E /* DetailItemView.m */,
				FAA4E33A18F1A1DC007245E3 /* FontSizeView.h */,
				FAA4E33B18F1A1DC007245E3 /* FontSizeView.m */,
				FA437C3118EC9AE70012BCE5 /* SettingView.h */,
				FA437C3218EC9AE70012BCE5 /* SettingView.m */,
			);
			name = View;
			sourceTree = "<group>";
		};
		FA37A28718DC737F00B79FE8 /* Controller */ = {
			isa = PBXGroup;
			children = (
				FA437C2818EC86350012BCE5 /* LeftController.h */,
				FA437C2918EC86350012BCE5 /* LeftController.m */,
				FA437C2E18EC8A6A0012BCE5 /* DashboardController.h */,
				FA437C2F18EC8A6A0012BCE5 /* DashboardController.m */,
				FA37A28418DC737800B79FE8 /* ChannelController.h */,
				FA37A28518DC737800B79FE8 /* ChannelController.m */,
				FA437C4418ECA7950012BCE5 /* EditChannelController.h */,
				FA437C4518ECA7950012BCE5 /* EditChannelController.m */,
				FA437C4A18ECACEE0012BCE5 /* RssFeedController.h */,
				FA437C4B18ECACEE0012BCE5 /* RssFeedController.m */,
				FA836D8B18EF3C4F0005FF8E /* DetailItemController.h */,
				FA836D8C18EF3C4F0005FF8E /* DetailItemController.m */,
				FAA4E33D18F1A1F8007245E3 /* FontSizeController.h */,
				FAA4E33E18F1A1F8007245E3 /* FontSizeController.m */,
				FA437C3418EC9AFA0012BCE5 /* SettingController.h */,
				FA437C3518EC9AFA0012BCE5 /* SettingController.m */,
			);
			name = Controller;
			sourceTree = "<group>";
		};
		FA37A28B18DCDA0500B79FE8 /* MappingModel */ = {
			isa = PBXGroup;
			children = (
				FA37A28818DCD9F900B79FE8 /* Channel.h */,
				FA37A28918DCD9F900B79FE8 /* Channel.m */,
				FA997DCF18F0C4E800A2A67F /* Article.h */,
				FA997DD018F0C4E800A2A67F /* Article.m */,
			);
			name = MappingModel;
			sourceTree = "<group>";
		};
		FA437B9418EC81CC0012BCE5 /* Libraries */ = {
			isa = PBXGroup;
			children = (
				FA7B0FE718F94FCC000D8D43 /* Appirater */,
				FAA4E32118F192B1007245E3 /* FPPopover */,
				FA437C4D18ECB6760012BCE5 /* TestFlightSDK */,
				FA437B9518EC81CC0012BCE5 /* AFNetworking */,
				FA437BE518EC81CC0012BCE5 /* UIKit+AFNetworking */,
				FA437BC618EC81CC0012BCE5 /* RSSParser */,
				FA437BA918EC81CC0012BCE5 /* GoogleAnalytics */,
				FA437BB918EC81CC0012BCE5 /* MMDrawerController */,
				FA437BC318EC81CC0012BCE5 /* Reachability */,
				FA437BCB18EC81CC0012BCE5 /* SVProgressHUD */,
				FA437BD018EC81CC0012BCE5 /* SVWebViewController */,
			);
			path = Libraries;
			sourceTree = "<group>";
		};
		FA437B9518EC81CC0012BCE5 /* AFNetworking */ = {
			isa = PBXGroup;
			children = (
				FA437B9618EC81CC0012BCE5 /* AFHTTPRequestOperation.h */,
				FA437B9718EC81CC0012BCE5 /* AFHTTPRequestOperation.m */,
				FA437B9818EC81CC0012BCE5 /* AFHTTPRequestOperationManager.h */,
				FA437B9918EC81CC0012BCE5 /* AFHTTPRequestOperationManager.m */,
				FA437B9A18EC81CC0012BCE5 /* AFHTTPSessionManager.h */,
				FA437B9B18EC81CC0012BCE5 /* AFHTTPSessionManager.m */,
				FA437B9C18EC81CC0012BCE5 /* AFNetworking.h */,
				FA437B9D18EC81CC0012BCE5 /* AFNetworkReachabilityManager.h */,
				FA437B9E18EC81CC0012BCE5 /* AFNetworkReachabilityManager.m */,
				FA437B9F18EC81CC0012BCE5 /* AFSecurityPolicy.h */,
				FA437BA018EC81CC0012BCE5 /* AFSecurityPolicy.m */,
				FA437BA118EC81CC0012BCE5 /* AFURLConnectionOperation.h */,
				FA437BA218EC81CC0012BCE5 /* AFURLConnectionOperation.m */,
				FA437BA318EC81CC0012BCE5 /* AFURLRequestSerialization.h */,
				FA437BA418EC81CC0012BCE5 /* AFURLRequestSerialization.m */,
				FA437BA518EC81CC0012BCE5 /* AFURLResponseSerialization.h */,
				FA437BA618EC81CC0012BCE5 /* AFURLResponseSerialization.m */,
				FA437BA718EC81CC0012BCE5 /* AFURLSessionManager.h */,
				FA437BA818EC81CC0012BCE5 /* AFURLSessionManager.m */,
			);
			path = AFNetworking;
			sourceTree = "<group>";
		};
		FA437BA918EC81CC0012BCE5 /* GoogleAnalytics */ = {
			isa = PBXGroup;
			children = (
				FA437BAA18EC81CC0012BCE5 /* GoogleAnalytics */,
				FA437BB118EC81CC0012BCE5 /* GoogleTagManager */,
				FA437BB718EC81CC0012BCE5 /* libAdIdAccess.a */,
				FA437BB818EC81CC0012BCE5 /* libGoogleAnalyticsServices.a */,
			);
			path = GoogleAnalytics;
			sourceTree = "<group>";
		};
		FA437BAA18EC81CC0012BCE5 /* GoogleAnalytics */ = {
			isa = PBXGroup;
			children = (
				FA437BAB18EC81CC0012BCE5 /* GAI.h */,
				FA437BAC18EC81CC0012BCE5 /* GAIDictionaryBuilder.h */,
				FA437BAD18EC81CC0012BCE5 /* GAIFields.h */,
				FA437BAE18EC81CC0012BCE5 /* GAILogger.h */,
				FA437BAF18EC81CC0012BCE5 /* GAITrackedViewController.h */,
				FA437BB018EC81CC0012BCE5 /* GAITracker.h */,
			);
			path = GoogleAnalytics;
			sourceTree = "<group>";
		};
		FA437BB118EC81CC0012BCE5 /* GoogleTagManager */ = {
			isa = PBXGroup;
			children = (
				FA437BB218EC81CC0012BCE5 /* TAGContainer.h */,
				FA437BB318EC81CC0012BCE5 /* TAGContainerOpener.h */,
				FA437BB418EC81CC0012BCE5 /* TAGDataLayer.h */,
				FA437BB518EC81CC0012BCE5 /* TAGLogger.h */,
				FA437BB618EC81CC0012BCE5 /* TAGManager.h */,
			);
			path = GoogleTagManager;
			sourceTree = "<group>";
		};
		FA437BB918EC81CC0012BCE5 /* MMDrawerController */ = {
			isa = PBXGroup;
			children = (
				FA437BBA18EC81CC0012BCE5 /* MMDrawerBarButtonItem.h */,
				FA437BBB18EC81CC0012BCE5 /* MMDrawerBarButtonItem.m */,
				FA437BBC18EC81CC0012BCE5 /* MMDrawerController+Subclass.h */,
				FA437BBD18EC81CC0012BCE5 /* MMDrawerController.h */,
				FA437BBE18EC81CC0012BCE5 /* MMDrawerController.m */,
				FA437BBF18EC81CC0012BCE5 /* MMDrawerVisualState.h */,
				FA437BC018EC81CC0012BCE5 /* MMDrawerVisualState.m */,
				FA437BC118EC81CC0012BCE5 /* UIViewController+MMDrawerController.h */,
				FA437BC218EC81CC0012BCE5 /* UIViewController+MMDrawerController.m */,
			);
			path = MMDrawerController;
			sourceTree = "<group>";
		};
		FA437BC318EC81CC0012BCE5 /* Reachability */ = {
			isa = PBXGroup;
			children = (
				FA437BC418EC81CC0012BCE5 /* Reachability.h */,
				FA437BC518EC81CC0012BCE5 /* Reachability.m */,
			);
			path = Reachability;
			sourceTree = "<group>";
		};
		FA437BC618EC81CC0012BCE5 /* RSSParser */ = {
			isa = PBXGroup;
			children = (
				FA437BC718EC81CC0012BCE5 /* RSSItem.h */,
				FA437BC818EC81CC0012BCE5 /* RSSItem.m */,
				FA437BC918EC81CC0012BCE5 /* RSSParser.h */,
				FA437BCA18EC81CC0012BCE5 /* RSSParser.m */,
			);
			path = RSSParser;
			sourceTree = "<group>";
		};
		FA437BCB18EC81CC0012BCE5 /* SVProgressHUD */ = {
			isa = PBXGroup;
			children = (
				FA437BCC18EC81CC0012BCE5 /* SVProgressHUD-Prefix.pch */,
				FA437BCE18EC81CC0012BCE5 /* SVProgressHUD.h */,
				FA437BCF18EC81CC0012BCE5 /* SVProgressHUD.m */,
				FA437BCD18EC81CC0012BCE5 /* SVProgressHUD.bundle */,
			);
			path = SVProgressHUD;
			sourceTree = "<group>";
		};
		FA437BD018EC81CC0012BCE5 /* SVWebViewController */ = {
			isa = PBXGroup;
			children = (
				FA437BD118EC81CC0012BCE5 /* SVModalWebViewController.h */,
				FA437BD218EC81CC0012BCE5 /* SVModalWebViewController.m */,
				FA437BD418EC81CC0012BCE5 /* SVWebViewController.h */,
				FA437BD518EC81CC0012BCE5 /* SVWebViewController.m */,
				FA437BD318EC81CC0012BCE5 /* SVWebViewController.bundle */,
				FA437BD618EC81CC0012BCE5 /* UIActivities */,
			);
			path = SVWebViewController;
			sourceTree = "<group>";
		};
		FA437BD618EC81CC0012BCE5 /* UIActivities */ = {
			isa = PBXGroup;
			children = (
				FA437BD718EC81CC0012BCE5 /* Chrome */,
				FA437BDD18EC81CC0012BCE5 /* Safari */,
				FA437BE318EC81CC0012BCE5 /* SVWebViewControllerActivity.h */,
				FA437BE418EC81CC0012BCE5 /* SVWebViewControllerActivity.m */,
			);
			path = UIActivities;
			sourceTree = "<group>";
		};
		FA437BD718EC81CC0012BCE5 /* Chrome */ = {
			isa = PBXGroup;
			children = (
				FA437BD818EC81CC0012BCE5 /* SVWebViewControllerActivityChrome-iPad.png */,
				FA437BD918EC81CC0012BCE5 /* SVWebViewControllerActivityChrome-iPad@2x.png */,
				FA437BDA18EC81CC0012BCE5 /* SVWebViewControllerActivityChrome.h */,
				FA437BDB18EC81CC0012BCE5 /* SVWebViewControllerActivityChrome.m */,
				FA437BDC18EC81CC0012BCE5 /* SVWebViewControllerActivityChrome@2x.png */,
			);
			path = Chrome;
			sourceTree = "<group>";
		};
		FA437BDD18EC81CC0012BCE5 /* Safari */ = {
			isa = PBXGroup;
			children = (
				FA437BDE18EC81CC0012BCE5 /* SVWebViewControllerActivitySafari-iPad.png */,
				FA437BDF18EC81CC0012BCE5 /* SVWebViewControllerActivitySafari-iPad@2x.png */,
				FA437BE018EC81CC0012BCE5 /* SVWebViewControllerActivitySafari.h */,
				FA437BE118EC81CC0012BCE5 /* SVWebViewControllerActivitySafari.m */,
				FA437BE218EC81CC0012BCE5 /* SVWebViewControllerActivitySafari@2x.png */,
			);
			path = Safari;
			sourceTree = "<group>";
		};
		FA437BE518EC81CC0012BCE5 /* UIKit+AFNetworking */ = {
			isa = PBXGroup;
			children = (
				FA437BE618EC81CC0012BCE5 /* AFNetworkActivityIndicatorManager.h */,
				FA437BE718EC81CC0012BCE5 /* AFNetworkActivityIndicatorManager.m */,
				FA437BE818EC81CC0012BCE5 /* UIActivityIndicatorView+AFNetworking.h */,
				FA437BE918EC81CC0012BCE5 /* UIActivityIndicatorView+AFNetworking.m */,
				FA437BEA18EC81CC0012BCE5 /* UIAlertView+AFNetworking.h */,
				FA437BEB18EC81CC0012BCE5 /* UIAlertView+AFNetworking.m */,
				FA437BEC18EC81CC0012BCE5 /* UIButton+AFNetworking.h */,
				FA437BED18EC81CC0012BCE5 /* UIButton+AFNetworking.m */,
				FA437BEE18EC81CC0012BCE5 /* UIImageView+AFNetworking.h */,
				FA437BEF18EC81CC0012BCE5 /* UIImageView+AFNetworking.m */,
				FA437BF018EC81CC0012BCE5 /* UIKit+AFNetworking.h */,
				FA437BF118EC81CC0012BCE5 /* UIProgressView+AFNetworking.h */,
				FA437BF218EC81CC0012BCE5 /* UIProgressView+AFNetworking.m */,
				FA437BF318EC81CC0012BCE5 /* UIRefreshControl+AFNetworking.h */,
				FA437BF418EC81CC0012BCE5 /* UIRefreshControl+AFNetworking.m */,
				FA437BF518EC81CC0012BCE5 /* UIWebView+AFNetworking.h */,
				FA437BF618EC81CC0012BCE5 /* UIWebView+AFNetworking.m */,
			);
			path = "UIKit+AFNetworking";
			sourceTree = "<group>";
		};
		FA437C2418EC85750012BCE5 /* Classes */ = {
			isa = PBXGroup;
			children = (
				FA437C2118EC85720012BCE5 /* DrawerFactory.h */,
				FA437C2218EC85720012BCE5 /* DrawerFactory.m */,
				FA8508F818EDFA870083BB00 /* DataModel.h */,
				FA8508F918EDFA870083BB00 /* DataModel.m */,
			);
			name = Classes;
			sourceTree = "<group>";
		};
		FA437C3A18EC9F170012BCE5 /* TableViewCell */ = {
			isa = PBXGroup;
			children = (
				FA437C3718EC9F140012BCE5 /* TextFieldCell.h */,
				FA437C3818EC9F140012BCE5 /* TextFieldCell.m */,
				FA85091618EE03440083BB00 /* IconViewCell.h */,
				FA85091718EE03440083BB00 /* IconViewCell.m */,
				FA997DC118F0424700A2A67F /* TextViewCell.h */,
				FA997DC218F0424700A2A67F /* TextViewCell.m */,
			);
			name = TableViewCell;
			sourceTree = "<group>";
		};
		FA437C4D18ECB6760012BCE5 /* TestFlightSDK */ = {
			isa = PBXGroup;
			children = (
				FA437C4E18ECB6760012BCE5 /* libTestFlight.a */,
				FA437C4F18ECB6760012BCE5 /* TestFlight+AsyncLogging.h */,
				FA437C5018ECB6760012BCE5 /* TestFlight+ManualSessions.h */,
				FA437C5118ECB6760012BCE5 /* TestFlight.h */,
			);
			path = TestFlightSDK;
			sourceTree = "<group>";
		};
		FA7B0FE718F94FCC000D8D43 /* Appirater */ = {
			isa = PBXGroup;
			children = (
				FA7B0FE818F94FCC000D8D43 /* Appirater.h */,
				FA7B0FE918F94FCC000D8D43 /* Appirater.m */,
				FA7B0FEA18F94FCC000D8D43 /* AppiraterDelegate.h */,
			);
			path = Appirater;
			sourceTree = "<group>";
		};
		FA836D9118EF552F0005FF8E /* Model */ = {
			isa = PBXGroup;
			children = (
				FA85091918EE15230083BB00 /* LeftModel.h */,
				FA85091A18EE15230083BB00 /* LeftModel.m */,
			);
			name = Model;
			sourceTree = "<group>";
		};
		FA8508FB18EE03200083BB00 /* Resources */ = {
			isa = PBXGroup;
			children = (
				FA8508FC18EE03200083BB00 /* Images */,
			);
			path = Resources;
			sourceTree = SOURCE_ROOT;
		};
		FA8508FC18EE03200083BB00 /* Images */ = {
			isa = PBXGroup;
			children = (
				FA8508FD18EE03200083BB00 /* Icons */,
			);
			path = Images;
			sourceTree = "<group>";
		};
		FA8508FD18EE03200083BB00 /* Icons */ = {
			isa = PBXGroup;
			children = (
				FAA4E33518F19C5B007245E3 /* BarButton */,
				FAA4E31B18F15D8A007245E3 /* description.png */,
				FAA4E31C18F15D8A007245E3 /* description@2x.png */,
				FA8508FE18EE03200083BB00 /* icon_channel.png */,
				FA8508FF18EE03200083BB00 /* icon_channel@2x.png */,
				FA85090018EE03200083BB00 /* icon_home.png */,
				FA85090118EE03200083BB00 /* icon_home@2x.png */,
				FA85090218EE03200083BB00 /* icon_link.png */,
				FA85090318EE03200083BB00 /* icon_link@2x.png */,
				FA85090418EE03200083BB00 /* icon_rss.png */,
				FA85090518EE03200083BB00 /* icon_rss@2x.png */,
				FA85090618EE03200083BB00 /* icon_settings.png */,
				FA85090718EE03200083BB00 /* icon_settings@2x.png */,
				FA85090818EE03200083BB00 /* icon_title.png */,
				FA85090918EE03200083BB00 /* icon_title@2x.png */,
			);
			path = Icons;
			sourceTree = "<group>";
		};
		FA997DC718F055F400A2A67F /* Category */ = {
			isa = PBXGroup;
			children = (
				FA997DC418F055F000A2A67F /* NSDate+Date.h */,
				FA997DC518F055F000A2A67F /* NSDate+Date.m */,
			);
			name = Category;
			sourceTree = "<group>";
		};
		FA997DCE18F0AFC800A2A67F /* Bundle */ = {
			isa = PBXGroup;
			children = (
				FA997DCC18F0A97300A2A67F /* Settings.bundle */,
			);
			name = Bundle;
			sourceTree = "<group>";
		};
		FAA4E32118F192B1007245E3 /* FPPopover */ = {
			isa = PBXGroup;
			children = (
				FAA4E32F18F19575007245E3 /* ARCMacros.h */,
				FAA4E32218F192B1007245E3 /* fppopover-Prefix.pch */,
				FAA4E32318F192B1007245E3 /* FPPopoverController.h */,
				FAA4E32418F192B2007245E3 /* FPPopoverController.m */,
				FAA4E32518F192B2007245E3 /* FPPopoverView.h */,
				FAA4E32618F192B2007245E3 /* FPPopoverView.m */,
				FAA4E32718F192B2007245E3 /* FPTouchView.h */,
				FAA4E32818F192B2007245E3 /* FPTouchView.m */,
			);
			path = FPPopover;
			sourceTree = "<group>";
		};
		FAA4E33518F19C5B007245E3 /* BarButton */ = {
			isa = PBXGroup;
			children = (
				FAA4E33618F19C5B007245E3 /* icon_font_size.png */,
				FAA4E33718F19C5B007245E3 /* icon_font_size@2x.png */,
			);
			path = BarButton;
			sourceTree = "<group>";
		};
/* End PBXGroup section */

/* Begin PBXNativeTarget section */
		FA37A24418DC6F7700B79FE8 /* iRSSClient */ = {
			isa = PBXNativeTarget;
			buildConfigurationList = FA37A27118DC6F7800B79FE8 /* Build configuration list for PBXNativeTarget "iRSSClient" */;
			buildPhases = (
				FA37A24118DC6F7700B79FE8 /* Sources */,
				FA37A24218DC6F7700B79FE8 /* Frameworks */,
				FA37A24318DC6F7700B79FE8 /* Resources */,
			);
			buildRules = (
			);
			dependencies = (
			);
			name = iRSSClient;
			productName = iRSSClient;
			productReference = FA37A24518DC6F7700B79FE8 /* iRSSClient.app */;
			productType = "com.apple.product-type.application";
		};
/* End PBXNativeTarget section */

/* Begin PBXProject section */
		FA37A23D18DC6F7700B79FE8 /* Project object */ = {
			isa = PBXProject;
			attributes = {
				LastUpgradeCheck = 0500;
				ORGANIZATIONNAME = Alex;
			};
			buildConfigurationList = FA37A24018DC6F7700B79FE8 /* Build configuration list for PBXProject "iRSSClient" */;
			compatibilityVersion = "Xcode 3.2";
			developmentRegion = English;
			hasScannedForEncodings = 0;
			knownRegions = (
				en,
				ru,
				uk,
			);
			mainGroup = FA37A23C18DC6F7700B79FE8;
			productRefGroup = FA37A24618DC6F7700B79FE8 /* Products */;
			projectDirPath = "";
			projectRoot = "";
			targets = (
				FA37A24418DC6F7700B79FE8 /* iRSSClient */,
			);
		};
/* End PBXProject section */

/* Begin PBXResourcesBuildPhase section */
		FA37A24318DC6F7700B79FE8 /* Resources */ = {
			isa = PBXResourcesBuildPhase;
			buildActionMask = 2147483647;
			files = (
				FA437C0918EC81CC0012BCE5 /* SVProgressHUD.bundle in Resources */,
				FA85090C18EE03200083BB00 /* icon_home.png in Resources */,
				FA997DCD18F0A97300A2A67F /* Settings.bundle in Resources */,
				FA437C1218EC81CC0012BCE5 /* SVWebViewControllerActivitySafari-iPad.png in Resources */,
				FA85091418EE03200083BB00 /* icon_title.png in Resources */,
				FA437C1518EC81CC0012BCE5 /* SVWebViewControllerActivitySafari@2x.png in Resources */,
				FA85090E18EE03200083BB00 /* icon_link.png in Resources */,
				FA437C1118EC81CC0012BCE5 /* SVWebViewControllerActivityChrome@2x.png in Resources */,
				FA437C2018EC82930012BCE5 /* README.md in Resources */,
				FA37A25318DC6F7700B79FE8 /* InfoPlist.strings in Resources */,
				FA85091318EE03200083BB00 /* icon_settings@2x.png in Resources */,
				FA85091118EE03200083BB00 /* icon_rss@2x.png in Resources */,
				FA437C0C18EC81CC0012BCE5 /* SVWebViewController.bundle in Resources */,
				FA437C1318EC81CC0012BCE5 /* SVWebViewControllerActivitySafari-iPad@2x.png in Resources */,
				FAA4E33818F19C5B007245E3 /* icon_font_size.png in Resources */,
				FA37A29318DCDF3D00B79FE8 /* Localizable.strings in Resources */,
				FA85091018EE03200083BB00 /* icon_rss.png in Resources */,
				FA37A27818DC707700B79FE8 /* iPhone.storyboard in Resources */,
				FA437C0E18EC81CC0012BCE5 /* SVWebViewControllerActivityChrome-iPad.png in Resources */,
				FA437C0F18EC81CC0012BCE5 /* SVWebViewControllerActivityChrome-iPad@2x.png in Resources */,
				FA85090A18EE03200083BB00 /* icon_channel.png in Resources */,
				FA85090B18EE03200083BB00 /* icon_channel@2x.png in Resources */,
				FA37A25B18DC6F7700B79FE8 /* Images.xcassets in Resources */,
				FA85090F18EE03200083BB00 /* icon_link@2x.png in Resources */,
				FAA4E31E18F15D8A007245E3 /* description@2x.png in Resources */,
				FA85091518EE03200083BB00 /* icon_title@2x.png in Resources */,
				FA85090D18EE03200083BB00 /* icon_home@2x.png in Resources */,
				FAA4E31D18F15D8A007245E3 /* description.png in Resources */,
				FA85091218EE03200083BB00 /* icon_settings.png in Resources */,
				FAA4E33918F19C5B007245E3 /* icon_font_size@2x.png in Resources */,
			);
			runOnlyForDeploymentPostprocessing = 0;
		};
/* End PBXResourcesBuildPhase section */

/* Begin PBXSourcesBuildPhase section */
		FA37A24118DC6F7700B79FE8 /* Sources */ = {
			isa = PBXSourcesBuildPhase;
			buildActionMask = 2147483647;
			files = (
				FA437C1918EC81CC0012BCE5 /* UIAlertView+AFNetworking.m in Sources */,
				FA437C1B18EC81CC0012BCE5 /* UIImageView+AFNetworking.m in Sources */,
				FA437BFC18EC81CC0012BCE5 /* AFURLConnectionOperation.m in Sources */,
				FA37A28618DC737800B79FE8 /* ChannelController.m in Sources */,
				FA437C1818EC81CC0012BCE5 /* UIActivityIndicatorView+AFNetworking.m in Sources */,
				FA37A28A18DCD9F900B79FE8 /* Channel.m in Sources */,
				FAA4E33C18F1A1DC007245E3 /* FontSizeView.m in Sources */,
				FA437C1A18EC81CC0012BCE5 /* UIButton+AFNetworking.m in Sources */,
				FA437C3318EC9AE70012BCE5 /* SettingView.m in Sources */,
				FA437C0B18EC81CC0012BCE5 /* SVModalWebViewController.m in Sources */,
				FA437C4918ECACDB0012BCE5 /* RssFeedView.m in Sources */,
				FA437C0518EC81CC0012BCE5 /* UIViewController+MMDrawerController.m in Sources */,
				FA437C4318ECA77A0012BCE5 /* EditChannelView.m in Sources */,
				FA437BFE18EC81CC0012BCE5 /* AFURLResponseSerialization.m in Sources */,
				FA37A28218DC735400B79FE8 /* ChannelView.m in Sources */,
				FA437BFD18EC81CC0012BCE5 /* AFURLRequestSerialization.m in Sources */,
				FA437BFB18EC81CC0012BCE5 /* AFSecurityPolicy.m in Sources */,
				FAA4E32A18F192B2007245E3 /* FPPopoverView.m in Sources */,
				FAA4E32B18F192B2007245E3 /* FPTouchView.m in Sources */,
				FA997DD118F0C4E800A2A67F /* Article.m in Sources */,
				FA437C3918EC9F140012BCE5 /* TextFieldCell.m in Sources */,
				FA437C3018EC8A6A0012BCE5 /* DashboardController.m in Sources */,
				FA437C1D18EC81CC0012BCE5 /* UIRefreshControl+AFNetworking.m in Sources */,
				FA437C1C18EC81CC0012BCE5 /* UIProgressView+AFNetworking.m in Sources */,
				FA437C0D18EC81CC0012BCE5 /* SVWebViewController.m in Sources */,
				FA437C0218EC81CC0012BCE5 /* MMDrawerBarButtonItem.m in Sources */,
				FA437C2A18EC86350012BCE5 /* LeftController.m in Sources */,
				FA836D9018EF3C830005FF8E /* DetailItemView.m in Sources */,
				FA437C0618EC81CC0012BCE5 /* Reachability.m in Sources */,
				FA437BF718EC81CC0012BCE5 /* AFHTTPRequestOperation.m in Sources */,
				FA437C1718EC81CC0012BCE5 /* AFNetworkActivityIndicatorManager.m in Sources */,
				FA437C3618EC9AFA0012BCE5 /* SettingController.m in Sources */,
				FA437BFF18EC81CC0012BCE5 /* AFURLSessionManager.m in Sources */,
				FAA4E32918F192B2007245E3 /* FPPopoverController.m in Sources */,
				FA85091B18EE15230083BB00 /* LeftModel.m in Sources */,
				FA37A27C18DC718600B79FE8 /* DataModel.xcdatamodeld in Sources */,
				FA7B0FEB18F94FCC000D8D43 /* Appirater.m in Sources */,
				FA437C2D18EC8A540012BCE5 /* DashboardView.m in Sources */,
				FA437C2718EC86230012BCE5 /* LeftView.m in Sources */,
				FA437C1E18EC81CC0012BCE5 /* UIWebView+AFNetworking.m in Sources */,
				FA37A25918DC6F7700B79FE8 /* AppDelegate.m in Sources */,
				FA997DC618F055F000A2A67F /* NSDate+Date.m in Sources */,
				FA437BF918EC81CC0012BCE5 /* AFHTTPSessionManager.m in Sources */,
				FA836D8D18EF3C4F0005FF8E /* DetailItemController.m in Sources */,
				FA437C4618ECA7950012BCE5 /* EditChannelController.m in Sources */,
				FA437C0818EC81CC0012BCE5 /* RSSParser.m in Sources */,
				FA437C0A18EC81CC0012BCE5 /* SVProgressHUD.m in Sources */,
				FA37A25518DC6F7700B79FE8 /* main.m in Sources */,
				FA437BFA18EC81CC0012BCE5 /* AFNetworkReachabilityManager.m in Sources */,
				FA8508FA18EDFA870083BB00 /* DataModel.m in Sources */,
				FA437C0418EC81CC0012BCE5 /* MMDrawerVisualState.m in Sources */,
				FA437C2318EC85720012BCE5 /* DrawerFactory.m in Sources */,
				FA997DC318F0424700A2A67F /* TextViewCell.m in Sources */,
				FA437C0718EC81CC0012BCE5 /* RSSItem.m in Sources */,
				FA437C1618EC81CC0012BCE5 /* SVWebViewControllerActivity.m in Sources */,
				FA437C0318EC81CC0012BCE5 /* MMDrawerController.m in Sources */,
				FA85091818EE03440083BB00 /* IconViewCell.m in Sources */,
				FA437BF818EC81CC0012BCE5 /* AFHTTPRequestOperationManager.m in Sources */,
				FA437C1018EC81CC0012BCE5 /* SVWebViewControllerActivityChrome.m in Sources */,
				FA437C4C18ECACEE0012BCE5 /* RssFeedController.m in Sources */,
				FAA4E33F18F1A1F8007245E3 /* FontSizeController.m in Sources */,
				FA437C1418EC81CC0012BCE5 /* SVWebViewControllerActivitySafari.m in Sources */,
			);
			runOnlyForDeploymentPostprocessing = 0;
		};
/* End PBXSourcesBuildPhase section */

/* Begin PBXVariantGroup section */
		FA37A25118DC6F7700B79FE8 /* InfoPlist.strings */ = {
			isa = PBXVariantGroup;
			children = (
				FA37A25218DC6F7700B79FE8 /* en */,
				FA37A29118DCDF3200B79FE8 /* ru */,
				FA37A29218DCDF3700B79FE8 /* uk */,
			);
			name = InfoPlist.strings;
			sourceTree = "<group>";
		};
		FA37A29518DCDF3D00B79FE8 /* Localizable.strings */ = {
			isa = PBXVariantGroup;
			children = (
				FA37A29418DCDF3D00B79FE8 /* en */,
				FA37A29618DCDF4200B79FE8 /* uk */,
				FA37A29718DCDF4300B79FE8 /* ru */,
			);
			name = Localizable.strings;
			sourceTree = "<group>";
		};
/* End PBXVariantGroup section */

/* Begin XCBuildConfiguration section */
		FA37A26F18DC6F7800B79FE8 /* Debug */ = {
			isa = XCBuildConfiguration;
			buildSettings = {
				ALWAYS_SEARCH_USER_PATHS = NO;
				ARCHS = "$(ARCHS_STANDARD_INCLUDING_64_BIT)";
				CLANG_CXX_LANGUAGE_STANDARD = "gnu++0x";
				CLANG_CXX_LIBRARY = "libc++";
				CLANG_ENABLE_MODULES = YES;
				CLANG_ENABLE_OBJC_ARC = YES;
				CLANG_WARN_BOOL_CONVERSION = YES;
				CLANG_WARN_CONSTANT_CONVERSION = YES;
				CLANG_WARN_DIRECT_OBJC_ISA_USAGE = YES_ERROR;
				CLANG_WARN_EMPTY_BODY = YES;
				CLANG_WARN_ENUM_CONVERSION = YES;
				CLANG_WARN_INT_CONVERSION = YES;
				CLANG_WARN_OBJC_ROOT_CLASS = YES_ERROR;
				CLANG_WARN__DUPLICATE_METHOD_MATCH = YES;
				"CODE_SIGN_IDENTITY[sdk=iphoneos*]" = "iPhone Developer";
				COPY_PHASE_STRIP = NO;
				GCC_C_LANGUAGE_STANDARD = gnu99;
				GCC_DYNAMIC_NO_PIC = NO;
				GCC_OPTIMIZATION_LEVEL = 0;
				GCC_PREPROCESSOR_DEFINITIONS = (
					"DEBUG=1",
					"$(inherited)",
				);
				GCC_SYMBOLS_PRIVATE_EXTERN = NO;
				GCC_WARN_64_TO_32_BIT_CONVERSION = YES;
				GCC_WARN_ABOUT_RETURN_TYPE = YES_ERROR;
				GCC_WARN_UNDECLARED_SELECTOR = YES;
				GCC_WARN_UNINITIALIZED_AUTOS = YES;
				GCC_WARN_UNUSED_FUNCTION = YES;
				GCC_WARN_UNUSED_VARIABLE = YES;
				IPHONEOS_DEPLOYMENT_TARGET = 7.0;
				ONLY_ACTIVE_ARCH = YES;
				SDKROOT = iphoneos;
			};
			name = Debug;
		};
		FA37A27018DC6F7800B79FE8 /* Release */ = {
			isa = XCBuildConfiguration;
			buildSettings = {
				ALWAYS_SEARCH_USER_PATHS = NO;
				ARCHS = "$(ARCHS_STANDARD_INCLUDING_64_BIT)";
				CLANG_CXX_LANGUAGE_STANDARD = "gnu++0x";
				CLANG_CXX_LIBRARY = "libc++";
				CLANG_ENABLE_MODULES = YES;
				CLANG_ENABLE_OBJC_ARC = YES;
				CLANG_WARN_BOOL_CONVERSION = YES;
				CLANG_WARN_CONSTANT_CONVERSION = YES;
				CLANG_WARN_DIRECT_OBJC_ISA_USAGE = YES_ERROR;
				CLANG_WARN_EMPTY_BODY = YES;
				CLANG_WARN_ENUM_CONVERSION = YES;
				CLANG_WARN_INT_CONVERSION = YES;
				CLANG_WARN_OBJC_ROOT_CLASS = YES_ERROR;
				CLANG_WARN__DUPLICATE_METHOD_MATCH = YES;
				"CODE_SIGN_IDENTITY[sdk=iphoneos*]" = "iPhone Developer";
				COPY_PHASE_STRIP = YES;
				ENABLE_NS_ASSERTIONS = NO;
				GCC_C_LANGUAGE_STANDARD = gnu99;
				GCC_WARN_64_TO_32_BIT_CONVERSION = YES;
				GCC_WARN_ABOUT_RETURN_TYPE = YES_ERROR;
				GCC_WARN_UNDECLARED_SELECTOR = YES;
				GCC_WARN_UNINITIALIZED_AUTOS = YES;
				GCC_WARN_UNUSED_FUNCTION = YES;
				GCC_WARN_UNUSED_VARIABLE = YES;
				IPHONEOS_DEPLOYMENT_TARGET = 7.0;
				SDKROOT = iphoneos;
				VALIDATE_PRODUCT = YES;
			};
			name = Release;
		};
		FA37A27218DC6F7800B79FE8 /* Debug */ = {
			isa = XCBuildConfiguration;
			buildSettings = {
				ASSETCATALOG_COMPILER_APPICON_NAME = AppIcon;
				ASSETCATALOG_COMPILER_LAUNCHIMAGE_NAME = LaunchImage;
				GCC_PRECOMPILE_PREFIX_HEADER = YES;
				GCC_PREFIX_HEADER = "iRSSClient/iRSSClient-Prefix.pch";
				INFOPLIST_FILE = "iRSSClient/iRSSClient-Info.plist";
				IPHONEOS_DEPLOYMENT_TARGET = 6.0;
				LIBRARY_SEARCH_PATHS = (
					"$(inherited)",
					/Users/Alex/Documents/iRSSClient/Libraries/GoogleAnalytics,
					/Users/Alex/Documents/iRSSClient/Libraries/TestFlightSDK,
				);
				PRODUCT_NAME = "$(TARGET_NAME)";
				TARGETED_DEVICE_FAMILY = "1,2";
				WRAPPER_EXTENSION = app;
			};
			name = Debug;
		};
		FA37A27318DC6F7800B79FE8 /* Release */ = {
			isa = XCBuildConfiguration;
			buildSettings = {
				ASSETCATALOG_COMPILER_APPICON_NAME = AppIcon;
				ASSETCATALOG_COMPILER_LAUNCHIMAGE_NAME = LaunchImage;
				GCC_PRECOMPILE_PREFIX_HEADER = YES;
				GCC_PREFIX_HEADER = "iRSSClient/iRSSClient-Prefix.pch";
				INFOPLIST_FILE = "iRSSClient/iRSSClient-Info.plist";
				IPHONEOS_DEPLOYMENT_TARGET = 6.0;
				LIBRARY_SEARCH_PATHS = (
					"$(inherited)",
					/Users/Alex/Documents/iRSSClient/Libraries/GoogleAnalytics,
					/Users/Alex/Documents/iRSSClient/Libraries/TestFlightSDK,
				);
				PRODUCT_NAME = "$(TARGET_NAME)";
				TARGETED_DEVICE_FAMILY = "1,2";
				WRAPPER_EXTENSION = app;
			};
			name = Release;
		};
/* End XCBuildConfiguration section */

/* Begin XCConfigurationList section */
		FA37A24018DC6F7700B79FE8 /* Build configuration list for PBXProject "iRSSClient" */ = {
			isa = XCConfigurationList;
			buildConfigurations = (
				FA37A26F18DC6F7800B79FE8 /* Debug */,
				FA37A27018DC6F7800B79FE8 /* Release */,
			);
			defaultConfigurationIsVisible = 0;
			defaultConfigurationName = Release;
		};
		FA37A27118DC6F7800B79FE8 /* Build configuration list for PBXNativeTarget "iRSSClient" */ = {
			isa = XCConfigurationList;
			buildConfigurations = (
				FA37A27218DC6F7800B79FE8 /* Debug */,
				FA37A27318DC6F7800B79FE8 /* Release */,
			);
			defaultConfigurationIsVisible = 0;
			defaultConfigurationName = Release;
		};
/* End XCConfigurationList section */

/* Begin XCVersionGroup section */
		FA37A27A18DC718600B79FE8 /* DataModel.xcdatamodeld */ = {
			isa = XCVersionGroup;
			children = (
				FA37A27B18DC718600B79FE8 /* DataModel.xcdatamodel */,
			);
			currentVersion = FA37A27B18DC718600B79FE8 /* DataModel.xcdatamodel */;
			name = DataModel.xcdatamodeld;
			path = DataModel/DataModel.xcdatamodeld;
			sourceTree = "<group>";
			versionGroupType = wrapper.xcdatamodel;
		};
/* End XCVersionGroup section */
	};
	rootObject = FA37A23D18DC6F7700B79FE8 /* Project object */;
}
